// !$*UTF8*$!
{
	archiveVersion = 1;
	classes = {
	};
	objectVersion = 46;
	objects = {

/* Begin PBXBuildFile section */
		8349404A1E822B5700D31D94 /* NSData+ImageContentType.m in Sources */ = {isa = PBXBuildFile; fileRef = 834940281E822B5700D31D94 /* NSData+ImageContentType.m */; };
		8349404B1E822B5700D31D94 /* NSImage+WebCache.m in Sources */ = {isa = PBXBuildFile; fileRef = 8349402A1E822B5700D31D94 /* NSImage+WebCache.m */; };
		8349404C1E822B5700D31D94 /* SDImageCache.m in Sources */ = {isa = PBXBuildFile; fileRef = 8349402C1E822B5700D31D94 /* SDImageCache.m */; };
		8349404D1E822B5700D31D94 /* SDImageCacheConfig.m in Sources */ = {isa = PBXBuildFile; fileRef = 8349402E1E822B5700D31D94 /* SDImageCacheConfig.m */; };
		8349404E1E822B5700D31D94 /* SDWebImageCompat.m in Sources */ = {isa = PBXBuildFile; fileRef = 834940301E822B5700D31D94 /* SDWebImageCompat.m */; };
		8349404F1E822B5700D31D94 /* SDWebImageDecoder.m in Sources */ = {isa = PBXBuildFile; fileRef = 834940321E822B5700D31D94 /* SDWebImageDecoder.m */; };
		834940501E822B5700D31D94 /* SDWebImageDownloader.m in Sources */ = {isa = PBXBuildFile; fileRef = 834940341E822B5700D31D94 /* SDWebImageDownloader.m */; };
		834940511E822B5700D31D94 /* SDWebImageDownloaderOperation.m in Sources */ = {isa = PBXBuildFile; fileRef = 834940361E822B5700D31D94 /* SDWebImageDownloaderOperation.m */; };
		834940521E822B5700D31D94 /* SDWebImageManager.m in Sources */ = {isa = PBXBuildFile; fileRef = 834940381E822B5700D31D94 /* SDWebImageManager.m */; };
		834940531E822B5700D31D94 /* SDWebImagePrefetcher.m in Sources */ = {isa = PBXBuildFile; fileRef = 8349403B1E822B5700D31D94 /* SDWebImagePrefetcher.m */; };
		834940541E822B5700D31D94 /* UIButton+WebCache.m in Sources */ = {isa = PBXBuildFile; fileRef = 8349403D1E822B5700D31D94 /* UIButton+WebCache.m */; };
		834940551E822B5700D31D94 /* UIImage+GIF.m in Sources */ = {isa = PBXBuildFile; fileRef = 8349403F1E822B5700D31D94 /* UIImage+GIF.m */; };
		834940561E822B5700D31D94 /* UIImage+MultiFormat.m in Sources */ = {isa = PBXBuildFile; fileRef = 834940411E822B5700D31D94 /* UIImage+MultiFormat.m */; };
		834940571E822B5700D31D94 /* UIImageView+HighlightedWebCache.m in Sources */ = {isa = PBXBuildFile; fileRef = 834940431E822B5700D31D94 /* UIImageView+HighlightedWebCache.m */; };
		834940581E822B5700D31D94 /* UIImageView+WebCache.m in Sources */ = {isa = PBXBuildFile; fileRef = 834940451E822B5700D31D94 /* UIImageView+WebCache.m */; };
		834940591E822B5700D31D94 /* UIView+WebCache.m in Sources */ = {isa = PBXBuildFile; fileRef = 834940471E822B5700D31D94 /* UIView+WebCache.m */; };
		8349405A1E822B5700D31D94 /* UIView+WebCacheOperation.m in Sources */ = {isa = PBXBuildFile; fileRef = 834940491E822B5700D31D94 /* UIView+WebCacheOperation.m */; };
		8349406A1E825B7100D31D94 /* PCPuppetChatTableSectionHeaderView.m in Sources */ = {isa = PBXBuildFile; fileRef = 834940691E825B7100D31D94 /* PCPuppetChatTableSectionHeaderView.m */; };
		83762BA41E81056200F9B9D9 /* PCPuppetMessageViewController.m in Sources */ = {isa = PBXBuildFile; fileRef = 83762BA21E81056200F9B9D9 /* PCPuppetMessageViewController.m */; };
		838760F11E82662D00C4F1D7 /* PCPuppetAvatarGenerator.m in Sources */ = {isa = PBXBuildFile; fileRef = 838760F01E82662D00C4F1D7 /* PCPuppetAvatarGenerator.m */; };
		838761041E82B5E900C4F1D7 /* PCPuppetDataModel.xcdatamodeld in Sources */ = {isa = PBXBuildFile; fileRef = 838761021E82B5E900C4F1D7 /* PCPuppetDataModel.xcdatamodeld */; };
		83A125AA1E78EA3E00D1A465 /* main.m in Sources */ = {isa = PBXBuildFile; fileRef = 83A125A91E78EA3E00D1A465 /* main.m */; };
		83A125AD1E78EA3E00D1A465 /* AppDelegate.m in Sources */ = {isa = PBXBuildFile; fileRef = 83A125AC1E78EA3E00D1A465 /* AppDelegate.m */; };
		83A125B01E78EA3E00D1A465 /* ViewController.m in Sources */ = {isa = PBXBuildFile; fileRef = 83A125AF1E78EA3E00D1A465 /* ViewController.m */; };
		83A125B31E78EA3E00D1A465 /* Main.storyboard in Resources */ = {isa = PBXBuildFile; fileRef = 83A125B11E78EA3E00D1A465 /* Main.storyboard */; };
		83A125B51E78EA3E00D1A465 /* Assets.xcassets in Resources */ = {isa = PBXBuildFile; fileRef = 83A125B41E78EA3E00D1A465 /* Assets.xcassets */; };
		83A125B81E78EA3E00D1A465 /* LaunchScreen.storyboard in Resources */ = {isa = PBXBuildFile; fileRef = 83A125B61E78EA3E00D1A465 /* LaunchScreen.storyboard */; };
		83A125C31E78EA3E00D1A465 /* PuppetChatTests.m in Sources */ = {isa = PBXBuildFile; fileRef = 83A125C21E78EA3E00D1A465 /* PuppetChatTests.m */; };
		83A125CF1E792AA500D1A465 /* PCPuppetTableViewCell.m in Sources */ = {isa = PBXBuildFile; fileRef = 83A125CE1E792AA500D1A465 /* PCPuppetTableViewCell.m */; };
		83A125D31E792FD900D1A465 /* PCPuppetTableViewController.m in Sources */ = {isa = PBXBuildFile; fileRef = 83A125D21E792FD900D1A465 /* PCPuppetTableViewController.m */; };
		83A125DD1E7A37DE00D1A465 /* PCPuppetAddingTableViewController.m in Sources */ = {isa = PBXBuildFile; fileRef = 83A125DC1E7A37DE00D1A465 /* PCPuppetAddingTableViewController.m */; };
		83A125E01E7A3FAA00D1A465 /* PCPuppet.m in Sources */ = {isa = PBXBuildFile; fileRef = 83A125DF1E7A3FAA00D1A465 /* PCPuppet.m */; };
		83CCDFD31E7F8298004BE149 /* PCPuppetChatTableViewController.m in Sources */ = {isa = PBXBuildFile; fileRef = 83CCDFD21E7F8298004BE149 /* PCPuppetChatTableViewController.m */; };
		83F1F1F61E7A863500009A24 /* libsqlite3.tbd in Frameworks */ = {isa = PBXBuildFile; fileRef = 83F1F1F51E7A863500009A24 /* libsqlite3.tbd */; };
		83F1F1F81E7A864100009A24 /* libicucore.tbd in Frameworks */ = {isa = PBXBuildFile; fileRef = 83F1F1F71E7A864100009A24 /* libicucore.tbd */; };
		83F1F21D1E7B818100009A24 /* AVOSCloud.framework in Frameworks */ = {isa = PBXBuildFile; fileRef = 83F1F2081E7B816C00009A24 /* AVOSCloud.framework */; };
		83F1F21E1E7B818100009A24 /* AVOSCloudIM.framework in Frameworks */ = {isa = PBXBuildFile; fileRef = 83F1F2141E7B816C00009A24 /* AVOSCloudIM.framework */; };
		83F1F2881E7B9B7900009A24 /* JSQMessagesAssets.bundle in Resources */ = {isa = PBXBuildFile; fileRef = 83F1F2221E7B9B7900009A24 /* JSQMessagesAssets.bundle */; };
		83F1F2891E7B9B7900009A24 /* JSQSystemSoundPlayer+JSQMessages.m in Sources */ = {isa = PBXBuildFile; fileRef = 83F1F2251E7B9B7900009A24 /* JSQSystemSoundPlayer+JSQMessages.m */; };
		83F1F28A1E7B9B7900009A24 /* NSBundle+JSQMessages.m in Sources */ = {isa = PBXBuildFile; fileRef = 83F1F2271E7B9B7900009A24 /* NSBundle+JSQMessages.m */; };
		83F1F28B1E7B9B7900009A24 /* NSString+JSQMessages.m in Sources */ = {isa = PBXBuildFile; fileRef = 83F1F2291E7B9B7900009A24 /* NSString+JSQMessages.m */; };
		83F1F28C1E7B9B7900009A24 /* UIColor+JSQMessages.m in Sources */ = {isa = PBXBuildFile; fileRef = 83F1F22B1E7B9B7900009A24 /* UIColor+JSQMessages.m */; };
		83F1F28D1E7B9B7900009A24 /* UIDevice+JSQMessages.m in Sources */ = {isa = PBXBuildFile; fileRef = 83F1F22D1E7B9B7900009A24 /* UIDevice+JSQMessages.m */; };
		83F1F28E1E7B9B7900009A24 /* UIImage+JSQMessages.m in Sources */ = {isa = PBXBuildFile; fileRef = 83F1F22F1E7B9B7900009A24 /* UIImage+JSQMessages.m */; };
		83F1F28F1E7B9B7900009A24 /* UIView+JSQMessages.m in Sources */ = {isa = PBXBuildFile; fileRef = 83F1F2311E7B9B7900009A24 /* UIView+JSQMessages.m */; };
		83F1F2901E7B9B7900009A24 /* JSQMessagesKeyboardController.m in Sources */ = {isa = PBXBuildFile; fileRef = 83F1F2341E7B9B7900009A24 /* JSQMessagesKeyboardController.m */; };
		83F1F2911E7B9B7900009A24 /* JSQMessagesViewController.m in Sources */ = {isa = PBXBuildFile; fileRef = 83F1F2361E7B9B7900009A24 /* JSQMessagesViewController.m */; };
		83F1F2921E7B9B7900009A24 /* JSQMessagesViewController.xib in Resources */ = {isa = PBXBuildFile; fileRef = 83F1F2371E7B9B7900009A24 /* JSQMessagesViewController.xib */; };
		83F1F2931E7B9B7900009A24 /* JSQMessagesAvatarImageFactory.m in Sources */ = {isa = PBXBuildFile; fileRef = 83F1F23A1E7B9B7900009A24 /* JSQMessagesAvatarImageFactory.m */; };
		83F1F2941E7B9B7900009A24 /* JSQMessagesBubbleImageFactory.m in Sources */ = {isa = PBXBuildFile; fileRef = 83F1F23C1E7B9B7900009A24 /* JSQMessagesBubbleImageFactory.m */; };
		83F1F2951E7B9B7900009A24 /* JSQMessagesMediaViewBubbleImageMasker.m in Sources */ = {isa = PBXBuildFile; fileRef = 83F1F23E1E7B9B7900009A24 /* JSQMessagesMediaViewBubbleImageMasker.m */; };
		83F1F2961E7B9B7900009A24 /* JSQMessagesTimestampFormatter.m in Sources */ = {isa = PBXBuildFile; fileRef = 83F1F2401E7B9B7900009A24 /* JSQMessagesTimestampFormatter.m */; };
		83F1F2971E7B9B7900009A24 /* JSQMessagesToolbarButtonFactory.m in Sources */ = {isa = PBXBuildFile; fileRef = 83F1F2421E7B9B7900009A24 /* JSQMessagesToolbarButtonFactory.m */; };
		83F1F2981E7B9B7900009A24 /* JSQAudioMediaViewAttributes.m in Sources */ = {isa = PBXBuildFile; fileRef = 83F1F2461E7B9B7900009A24 /* JSQAudioMediaViewAttributes.m */; };
		83F1F2991E7B9B7900009A24 /* JSQMessagesBubblesSizeCalculator.m in Sources */ = {isa = PBXBuildFile; fileRef = 83F1F2491E7B9B7900009A24 /* JSQMessagesBubblesSizeCalculator.m */; };
		83F1F29A1E7B9B7900009A24 /* JSQMessagesCollectionViewFlowLayout.m in Sources */ = {isa = PBXBuildFile; fileRef = 83F1F24B1E7B9B7900009A24 /* JSQMessagesCollectionViewFlowLayout.m */; };
		83F1F29B1E7B9B7900009A24 /* JSQMessagesCollectionViewFlowLayoutInvalidationContext.m in Sources */ = {isa = PBXBuildFile; fileRef = 83F1F24D1E7B9B7900009A24 /* JSQMessagesCollectionViewFlowLayoutInvalidationContext.m */; };
		83F1F29C1E7B9B7900009A24 /* JSQMessagesCollectionViewLayoutAttributes.m in Sources */ = {isa = PBXBuildFile; fileRef = 83F1F24F1E7B9B7900009A24 /* JSQMessagesCollectionViewLayoutAttributes.m */; };
		83F1F29D1E7B9B7900009A24 /* JSQAudioMediaItem.m in Sources */ = {isa = PBXBuildFile; fileRef = 83F1F2521E7B9B7900009A24 /* JSQAudioMediaItem.m */; };
		83F1F29E1E7B9B7900009A24 /* JSQLocationMediaItem.m in Sources */ = {isa = PBXBuildFile; fileRef = 83F1F2541E7B9B7900009A24 /* JSQLocationMediaItem.m */; };
		83F1F29F1E7B9B7900009A24 /* JSQMediaItem.m in Sources */ = {isa = PBXBuildFile; fileRef = 83F1F2561E7B9B7900009A24 /* JSQMediaItem.m */; };
		83F1F2A01E7B9B7900009A24 /* JSQMessage.m in Sources */ = {isa = PBXBuildFile; fileRef = 83F1F2581E7B9B7900009A24 /* JSQMessage.m */; };
		83F1F2A11E7B9B7900009A24 /* JSQMessagesAvatarImage.m in Sources */ = {isa = PBXBuildFile; fileRef = 83F1F25E1E7B9B7900009A24 /* JSQMessagesAvatarImage.m */; };
		83F1F2A21E7B9B7900009A24 /* JSQMessagesBubbleImage.m in Sources */ = {isa = PBXBuildFile; fileRef = 83F1F2601E7B9B7900009A24 /* JSQMessagesBubbleImage.m */; };
		83F1F2A31E7B9B7900009A24 /* JSQPhotoMediaItem.m in Sources */ = {isa = PBXBuildFile; fileRef = 83F1F2641E7B9B7900009A24 /* JSQPhotoMediaItem.m */; };
		83F1F2A41E7B9B7900009A24 /* JSQVideoMediaItem.m in Sources */ = {isa = PBXBuildFile; fileRef = 83F1F2661E7B9B7900009A24 /* JSQVideoMediaItem.m */; };
		83F1F2A51E7B9B7900009A24 /* JSQMessagesCellTextView.m in Sources */ = {isa = PBXBuildFile; fileRef = 83F1F2691E7B9B7900009A24 /* JSQMessagesCellTextView.m */; };
		83F1F2A61E7B9B7900009A24 /* JSQMessagesCollectionView.m in Sources */ = {isa = PBXBuildFile; fileRef = 83F1F26B1E7B9B7900009A24 /* JSQMessagesCollectionView.m */; };
		83F1F2A71E7B9B7900009A24 /* JSQMessagesCollectionViewCell.m in Sources */ = {isa = PBXBuildFile; fileRef = 83F1F26D1E7B9B7900009A24 /* JSQMessagesCollectionViewCell.m */; };
		83F1F2A81E7B9B7900009A24 /* JSQMessagesCollectionViewCellIncoming.m in Sources */ = {isa = PBXBuildFile; fileRef = 83F1F26F1E7B9B7900009A24 /* JSQMessagesCollectionViewCellIncoming.m */; };
		83F1F2A91E7B9B7900009A24 /* JSQMessagesCollectionViewCellIncoming.xib in Resources */ = {isa = PBXBuildFile; fileRef = 83F1F2701E7B9B7900009A24 /* JSQMessagesCollectionViewCellIncoming.xib */; };
		83F1F2AA1E7B9B7900009A24 /* JSQMessagesCollectionViewCellOutgoing.m in Sources */ = {isa = PBXBuildFile; fileRef = 83F1F2721E7B9B7900009A24 /* JSQMessagesCollectionViewCellOutgoing.m */; };
		83F1F2AB1E7B9B7900009A24 /* JSQMessagesCollectionViewCellOutgoing.xib in Resources */ = {isa = PBXBuildFile; fileRef = 83F1F2731E7B9B7900009A24 /* JSQMessagesCollectionViewCellOutgoing.xib */; };
		83F1F2AC1E7B9B7900009A24 /* JSQMessagesComposerTextView.m in Sources */ = {isa = PBXBuildFile; fileRef = 83F1F2751E7B9B7900009A24 /* JSQMessagesComposerTextView.m */; };
		83F1F2AD1E7B9B7900009A24 /* JSQMessagesInputToolbar.m in Sources */ = {isa = PBXBuildFile; fileRef = 83F1F2771E7B9B7900009A24 /* JSQMessagesInputToolbar.m */; };
		83F1F2AE1E7B9B7900009A24 /* JSQMessagesLabel.m in Sources */ = {isa = PBXBuildFile; fileRef = 83F1F2791E7B9B7900009A24 /* JSQMessagesLabel.m */; };
		83F1F2AF1E7B9B7900009A24 /* JSQMessagesLoadEarlierHeaderView.m in Sources */ = {isa = PBXBuildFile; fileRef = 83F1F27B1E7B9B7900009A24 /* JSQMessagesLoadEarlierHeaderView.m */; };
		83F1F2B01E7B9B7900009A24 /* JSQMessagesLoadEarlierHeaderView.xib in Resources */ = {isa = PBXBuildFile; fileRef = 83F1F27C1E7B9B7900009A24 /* JSQMessagesLoadEarlierHeaderView.xib */; };
		83F1F2B11E7B9B7900009A24 /* JSQMessagesMediaPlaceholderView.m in Sources */ = {isa = PBXBuildFile; fileRef = 83F1F27E1E7B9B7900009A24 /* JSQMessagesMediaPlaceholderView.m */; };
		83F1F2B21E7B9B7900009A24 /* JSQMessagesToolbarContentView.m in Sources */ = {isa = PBXBuildFile; fileRef = 83F1F2801E7B9B7900009A24 /* JSQMessagesToolbarContentView.m */; };
		83F1F2B31E7B9B7900009A24 /* JSQMessagesToolbarContentView.xib in Resources */ = {isa = PBXBuildFile; fileRef = 83F1F2811E7B9B7900009A24 /* JSQMessagesToolbarContentView.xib */; };
		83F1F2B41E7B9B7900009A24 /* JSQMessagesTypingIndicatorFooterView.m in Sources */ = {isa = PBXBuildFile; fileRef = 83F1F2831E7B9B7900009A24 /* JSQMessagesTypingIndicatorFooterView.m */; };
		83F1F2B51E7B9B7900009A24 /* JSQMessagesTypingIndicatorFooterView.xib in Resources */ = {isa = PBXBuildFile; fileRef = 83F1F2841E7B9B7900009A24 /* JSQMessagesTypingIndicatorFooterView.xib */; };
		83F1F2B61E7B9B7900009A24 /* JSQSystemSoundPlayer.m in Sources */ = {isa = PBXBuildFile; fileRef = 83F1F2871E7B9B7900009A24 /* JSQSystemSoundPlayer.m */; };
/* End PBXBuildFile section */

/* Begin PBXContainerItemProxy section */
		83A125BF1E78EA3E00D1A465 /* PBXContainerItemProxy */ = {
			isa = PBXContainerItemProxy;
			containerPortal = 83A1259D1E78EA3E00D1A465 /* Project object */;
			proxyType = 1;
			remoteGlobalIDString = 83A125A41E78EA3E00D1A465;
			remoteInfo = PuppetChat;
		};
		83F1F2071E7B816C00009A24 /* PBXContainerItemProxy */ = {
			isa = PBXContainerItemProxy;
			containerPortal = 83F1F1F91E7B816C00009A24 /* AVOS.xcodeproj */;
			proxyType = 2;
			remoteGlobalIDString = 8C8419861A5A791300C5C6C4;
			remoteInfo = "AVOSCloud-iOS";
		};
		83F1F2091E7B816C00009A24 /* PBXContainerItemProxy */ = {
			isa = PBXContainerItemProxy;
			containerPortal = 83F1F1F91E7B816C00009A24 /* AVOS.xcodeproj */;
			proxyType = 2;
			remoteGlobalIDString = 8C8419911A5A791300C5C6C4;
			remoteInfo = "AVOSCloud-iOSTests";
		};
		83F1F20B1E7B816C00009A24 /* PBXContainerItemProxy */ = {
			isa = PBXContainerItemProxy;
			containerPortal = 83F1F1F91E7B816C00009A24 /* AVOS.xcodeproj */;
			proxyType = 2;
			remoteGlobalIDString = 70CA7F681BDE2DC3000A3B21;
			remoteInfo = "AVOSCloud-macOS";
		};
		83F1F20D1E7B816C00009A24 /* PBXContainerItemProxy */ = {
			isa = PBXContainerItemProxy;
			containerPortal = 83F1F1F91E7B816C00009A24 /* AVOS.xcodeproj */;
			proxyType = 2;
			remoteGlobalIDString = 70F315321BDE503B00D691B3;
			remoteInfo = "AVOSCloud-macOSTests";
		};
		83F1F20F1E7B816C00009A24 /* PBXContainerItemProxy */ = {
			isa = PBXContainerItemProxy;
			containerPortal = 83F1F1F91E7B816C00009A24 /* AVOS.xcodeproj */;
			proxyType = 2;
			remoteGlobalIDString = 83D8CF551C17DAF50094279D;
			remoteInfo = "AVOSCloud-tvOS";
		};
		83F1F2111E7B816C00009A24 /* PBXContainerItemProxy */ = {
			isa = PBXContainerItemProxy;
			containerPortal = 83F1F1F91E7B816C00009A24 /* AVOS.xcodeproj */;
			proxyType = 2;
			remoteGlobalIDString = 8320F95C1C1918C60024B45E;
			remoteInfo = "AVOSCloud-watchOS";
		};
		83F1F2131E7B816C00009A24 /* PBXContainerItemProxy */ = {
			isa = PBXContainerItemProxy;
			containerPortal = 83F1F1F91E7B816C00009A24 /* AVOS.xcodeproj */;
			proxyType = 2;
			remoteGlobalIDString = 8C8419C31A5A796000C5C6C4;
			remoteInfo = "AVOSCloudIM-iOS";
		};
		83F1F2151E7B816C00009A24 /* PBXContainerItemProxy */ = {
			isa = PBXContainerItemProxy;
			containerPortal = 83F1F1F91E7B816C00009A24 /* AVOS.xcodeproj */;
			proxyType = 2;
			remoteGlobalIDString = 8C8419CD1A5A796000C5C6C4;
			remoteInfo = "AVOSCloudIM-iOSTests";
		};
		83F1F2171E7B816C00009A24 /* PBXContainerItemProxy */ = {
			isa = PBXContainerItemProxy;
			containerPortal = 83F1F1F91E7B816C00009A24 /* AVOS.xcodeproj */;
			proxyType = 2;
			remoteGlobalIDString = 704F3B6E1BE0D0180033245C;
			remoteInfo = "AVOSCloudIM-macOS";
		};
		83F1F2191E7B816C00009A24 /* PBXContainerItemProxy */ = {
			isa = PBXContainerItemProxy;
			containerPortal = 83F1F1F91E7B816C00009A24 /* AVOS.xcodeproj */;
			proxyType = 2;
			remoteGlobalIDString = 704F3B771BE0D0180033245C;
			remoteInfo = "AVOSCloudIM-macOSTests";
		};
		83F1F21B1E7B816C00009A24 /* PBXContainerItemProxy */ = {
			isa = PBXContainerItemProxy;
			containerPortal = 83F1F1F91E7B816C00009A24 /* AVOS.xcodeproj */;
			proxyType = 2;
			remoteGlobalIDString = 8C255D261AE9F815008A6FFC;
			remoteInfo = "AVOSCloudCrashReporting-iOS";
		};
/* End PBXContainerItemProxy section */

/* Begin PBXFileReference section */
		834940271E822B5700D31D94 /* NSData+ImageContentType.h */ = {isa = PBXFileReference; fileEncoding = 4; lastKnownFileType = sourcecode.c.h; path = "NSData+ImageContentType.h"; sourceTree = "<group>"; };
		834940281E822B5700D31D94 /* NSData+ImageContentType.m */ = {isa = PBXFileReference; fileEncoding = 4; lastKnownFileType = sourcecode.c.objc; path = "NSData+ImageContentType.m"; sourceTree = "<group>"; };
		834940291E822B5700D31D94 /* NSImage+WebCache.h */ = {isa = PBXFileReference; fileEncoding = 4; lastKnownFileType = sourcecode.c.h; path = "NSImage+WebCache.h"; sourceTree = "<group>"; };
		8349402A1E822B5700D31D94 /* NSImage+WebCache.m */ = {isa = PBXFileReference; fileEncoding = 4; lastKnownFileType = sourcecode.c.objc; path = "NSImage+WebCache.m"; sourceTree = "<group>"; };
		8349402B1E822B5700D31D94 /* SDImageCache.h */ = {isa = PBXFileReference; fileEncoding = 4; lastKnownFileType = sourcecode.c.h; path = SDImageCache.h; sourceTree = "<group>"; };
		8349402C1E822B5700D31D94 /* SDImageCache.m */ = {isa = PBXFileReference; fileEncoding = 4; lastKnownFileType = sourcecode.c.objc; path = SDImageCache.m; sourceTree = "<group>"; };
		8349402D1E822B5700D31D94 /* SDImageCacheConfig.h */ = {isa = PBXFileReference; fileEncoding = 4; lastKnownFileType = sourcecode.c.h; path = SDImageCacheConfig.h; sourceTree = "<group>"; };
		8349402E1E822B5700D31D94 /* SDImageCacheConfig.m */ = {isa = PBXFileReference; fileEncoding = 4; lastKnownFileType = sourcecode.c.objc; path = SDImageCacheConfig.m; sourceTree = "<group>"; };
		8349402F1E822B5700D31D94 /* SDWebImageCompat.h */ = {isa = PBXFileReference; fileEncoding = 4; lastKnownFileType = sourcecode.c.h; path = SDWebImageCompat.h; sourceTree = "<group>"; };
		834940301E822B5700D31D94 /* SDWebImageCompat.m */ = {isa = PBXFileReference; fileEncoding = 4; lastKnownFileType = sourcecode.c.objc; path = SDWebImageCompat.m; sourceTree = "<group>"; };
		834940311E822B5700D31D94 /* SDWebImageDecoder.h */ = {isa = PBXFileReference; fileEncoding = 4; lastKnownFileType = sourcecode.c.h; path = SDWebImageDecoder.h; sourceTree = "<group>"; };
		834940321E822B5700D31D94 /* SDWebImageDecoder.m */ = {isa = PBXFileReference; fileEncoding = 4; lastKnownFileType = sourcecode.c.objc; path = SDWebImageDecoder.m; sourceTree = "<group>"; };
		834940331E822B5700D31D94 /* SDWebImageDownloader.h */ = {isa = PBXFileReference; fileEncoding = 4; lastKnownFileType = sourcecode.c.h; path = SDWebImageDownloader.h; sourceTree = "<group>"; };
		834940341E822B5700D31D94 /* SDWebImageDownloader.m */ = {isa = PBXFileReference; fileEncoding = 4; lastKnownFileType = sourcecode.c.objc; path = SDWebImageDownloader.m; sourceTree = "<group>"; };
		834940351E822B5700D31D94 /* SDWebImageDownloaderOperation.h */ = {isa = PBXFileReference; fileEncoding = 4; lastKnownFileType = sourcecode.c.h; path = SDWebImageDownloaderOperation.h; sourceTree = "<group>"; };
		834940361E822B5700D31D94 /* SDWebImageDownloaderOperation.m */ = {isa = PBXFileReference; fileEncoding = 4; lastKnownFileType = sourcecode.c.objc; path = SDWebImageDownloaderOperation.m; sourceTree = "<group>"; };
		834940371E822B5700D31D94 /* SDWebImageManager.h */ = {isa = PBXFileReference; fileEncoding = 4; lastKnownFileType = sourcecode.c.h; path = SDWebImageManager.h; sourceTree = "<group>"; };
		834940381E822B5700D31D94 /* SDWebImageManager.m */ = {isa = PBXFileReference; fileEncoding = 4; lastKnownFileType = sourcecode.c.objc; path = SDWebImageManager.m; sourceTree = "<group>"; };
		834940391E822B5700D31D94 /* SDWebImageOperation.h */ = {isa = PBXFileReference; fileEncoding = 4; lastKnownFileType = sourcecode.c.h; path = SDWebImageOperation.h; sourceTree = "<group>"; };
		8349403A1E822B5700D31D94 /* SDWebImagePrefetcher.h */ = {isa = PBXFileReference; fileEncoding = 4; lastKnownFileType = sourcecode.c.h; path = SDWebImagePrefetcher.h; sourceTree = "<group>"; };
		8349403B1E822B5700D31D94 /* SDWebImagePrefetcher.m */ = {isa = PBXFileReference; fileEncoding = 4; lastKnownFileType = sourcecode.c.objc; path = SDWebImagePrefetcher.m; sourceTree = "<group>"; };
		8349403C1E822B5700D31D94 /* UIButton+WebCache.h */ = {isa = PBXFileReference; fileEncoding = 4; lastKnownFileType = sourcecode.c.h; path = "UIButton+WebCache.h"; sourceTree = "<group>"; };
		8349403D1E822B5700D31D94 /* UIButton+WebCache.m */ = {isa = PBXFileReference; fileEncoding = 4; lastKnownFileType = sourcecode.c.objc; path = "UIButton+WebCache.m"; sourceTree = "<group>"; };
		8349403E1E822B5700D31D94 /* UIImage+GIF.h */ = {isa = PBXFileReference; fileEncoding = 4; lastKnownFileType = sourcecode.c.h; path = "UIImage+GIF.h"; sourceTree = "<group>"; };
		8349403F1E822B5700D31D94 /* UIImage+GIF.m */ = {isa = PBXFileReference; fileEncoding = 4; lastKnownFileType = sourcecode.c.objc; path = "UIImage+GIF.m"; sourceTree = "<group>"; };
		834940401E822B5700D31D94 /* UIImage+MultiFormat.h */ = {isa = PBXFileReference; fileEncoding = 4; lastKnownFileType = sourcecode.c.h; path = "UIImage+MultiFormat.h"; sourceTree = "<group>"; };
		834940411E822B5700D31D94 /* UIImage+MultiFormat.m */ = {isa = PBXFileReference; fileEncoding = 4; lastKnownFileType = sourcecode.c.objc; path = "UIImage+MultiFormat.m"; sourceTree = "<group>"; };
		834940421E822B5700D31D94 /* UIImageView+HighlightedWebCache.h */ = {isa = PBXFileReference; fileEncoding = 4; lastKnownFileType = sourcecode.c.h; path = "UIImageView+HighlightedWebCache.h"; sourceTree = "<group>"; };
		834940431E822B5700D31D94 /* UIImageView+HighlightedWebCache.m */ = {isa = PBXFileReference; fileEncoding = 4; lastKnownFileType = sourcecode.c.objc; path = "UIImageView+HighlightedWebCache.m"; sourceTree = "<group>"; };
		834940441E822B5700D31D94 /* UIImageView+WebCache.h */ = {isa = PBXFileReference; fileEncoding = 4; lastKnownFileType = sourcecode.c.h; path = "UIImageView+WebCache.h"; sourceTree = "<group>"; };
		834940451E822B5700D31D94 /* UIImageView+WebCache.m */ = {isa = PBXFileReference; fileEncoding = 4; lastKnownFileType = sourcecode.c.objc; path = "UIImageView+WebCache.m"; sourceTree = "<group>"; };
		834940461E822B5700D31D94 /* UIView+WebCache.h */ = {isa = PBXFileReference; fileEncoding = 4; lastKnownFileType = sourcecode.c.h; path = "UIView+WebCache.h"; sourceTree = "<group>"; };
		834940471E822B5700D31D94 /* UIView+WebCache.m */ = {isa = PBXFileReference; fileEncoding = 4; lastKnownFileType = sourcecode.c.objc; path = "UIView+WebCache.m"; sourceTree = "<group>"; };
		834940481E822B5700D31D94 /* UIView+WebCacheOperation.h */ = {isa = PBXFileReference; fileEncoding = 4; lastKnownFileType = sourcecode.c.h; path = "UIView+WebCacheOperation.h"; sourceTree = "<group>"; };
		834940491E822B5700D31D94 /* UIView+WebCacheOperation.m */ = {isa = PBXFileReference; fileEncoding = 4; lastKnownFileType = sourcecode.c.objc; path = "UIView+WebCacheOperation.m"; sourceTree = "<group>"; };
		834940681E825B7100D31D94 /* PCPuppetChatTableSectionHeaderView.h */ = {isa = PBXFileReference; fileEncoding = 4; lastKnownFileType = sourcecode.c.h; path = PCPuppetChatTableSectionHeaderView.h; sourceTree = "<group>"; };
		834940691E825B7100D31D94 /* PCPuppetChatTableSectionHeaderView.m */ = {isa = PBXFileReference; fileEncoding = 4; lastKnownFileType = sourcecode.c.objc; path = PCPuppetChatTableSectionHeaderView.m; sourceTree = "<group>"; };
		83762BA11E81056200F9B9D9 /* PCPuppetMessageViewController.h */ = {isa = PBXFileReference; fileEncoding = 4; lastKnownFileType = sourcecode.c.h; path = PCPuppetMessageViewController.h; sourceTree = "<group>"; };
		83762BA21E81056200F9B9D9 /* PCPuppetMessageViewController.m */ = {isa = PBXFileReference; fileEncoding = 4; lastKnownFileType = sourcecode.c.objc; path = PCPuppetMessageViewController.m; sourceTree = "<group>"; };
		838760EF1E82662D00C4F1D7 /* PCPuppetAvatarGenerator.h */ = {isa = PBXFileReference; fileEncoding = 4; lastKnownFileType = sourcecode.c.h; path = PCPuppetAvatarGenerator.h; sourceTree = "<group>"; };
		838760F01E82662D00C4F1D7 /* PCPuppetAvatarGenerator.m */ = {isa = PBXFileReference; fileEncoding = 4; lastKnownFileType = sourcecode.c.objc; path = PCPuppetAvatarGenerator.m; sourceTree = "<group>"; };
		838761031E82B5E900C4F1D7 /* PCPuppetDataModel.xcdatamodel */ = {isa = PBXFileReference; lastKnownFileType = wrapper.xcdatamodel; path = PCPuppetDataModel.xcdatamodel; sourceTree = "<group>"; };
		83A125A51E78EA3E00D1A465 /* PuppetChat.app */ = {isa = PBXFileReference; explicitFileType = wrapper.application; includeInIndex = 0; path = PuppetChat.app; sourceTree = BUILT_PRODUCTS_DIR; };
		83A125A91E78EA3E00D1A465 /* main.m */ = {isa = PBXFileReference; lastKnownFileType = sourcecode.c.objc; path = main.m; sourceTree = "<group>"; };
		83A125AB1E78EA3E00D1A465 /* AppDelegate.h */ = {isa = PBXFileReference; lastKnownFileType = sourcecode.c.h; path = AppDelegate.h; sourceTree = "<group>"; };
		83A125AC1E78EA3E00D1A465 /* AppDelegate.m */ = {isa = PBXFileReference; lastKnownFileType = sourcecode.c.objc; path = AppDelegate.m; sourceTree = "<group>"; };
		83A125AE1E78EA3E00D1A465 /* ViewController.h */ = {isa = PBXFileReference; lastKnownFileType = sourcecode.c.h; path = ViewController.h; sourceTree = "<group>"; };
		83A125AF1E78EA3E00D1A465 /* ViewController.m */ = {isa = PBXFileReference; lastKnownFileType = sourcecode.c.objc; path = ViewController.m; sourceTree = "<group>"; };
		83A125B21E78EA3E00D1A465 /* Base */ = {isa = PBXFileReference; lastKnownFileType = file.storyboard; name = Base; path = Base.lproj/Main.storyboard; sourceTree = "<group>"; };
		83A125B41E78EA3E00D1A465 /* Assets.xcassets */ = {isa = PBXFileReference; lastKnownFileType = folder.assetcatalog; path = Assets.xcassets; sourceTree = "<group>"; };
		83A125B71E78EA3E00D1A465 /* Base */ = {isa = PBXFileReference; lastKnownFileType = file.storyboard; name = Base; path = Base.lproj/LaunchScreen.storyboard; sourceTree = "<group>"; };
		83A125B91E78EA3E00D1A465 /* Info.plist */ = {isa = PBXFileReference; lastKnownFileType = text.plist.xml; path = Info.plist; sourceTree = "<group>"; };
		83A125BE1E78EA3E00D1A465 /* PuppetChatTests.xctest */ = {isa = PBXFileReference; explicitFileType = wrapper.cfbundle; includeInIndex = 0; path = PuppetChatTests.xctest; sourceTree = BUILT_PRODUCTS_DIR; };
		83A125C21E78EA3E00D1A465 /* PuppetChatTests.m */ = {isa = PBXFileReference; lastKnownFileType = sourcecode.c.objc; path = PuppetChatTests.m; sourceTree = "<group>"; };
		83A125C41E78EA3E00D1A465 /* Info.plist */ = {isa = PBXFileReference; lastKnownFileType = text.plist.xml; path = Info.plist; sourceTree = "<group>"; };
		83A125CD1E792AA500D1A465 /* PCPuppetTableViewCell.h */ = {isa = PBXFileReference; fileEncoding = 4; lastKnownFileType = sourcecode.c.h; path = PCPuppetTableViewCell.h; sourceTree = "<group>"; };
		83A125CE1E792AA500D1A465 /* PCPuppetTableViewCell.m */ = {isa = PBXFileReference; fileEncoding = 4; lastKnownFileType = sourcecode.c.objc; path = PCPuppetTableViewCell.m; sourceTree = "<group>"; };
		83A125D11E792FD900D1A465 /* PCPuppetTableViewController.h */ = {isa = PBXFileReference; fileEncoding = 4; lastKnownFileType = sourcecode.c.h; path = PCPuppetTableViewController.h; sourceTree = "<group>"; };
		83A125D21E792FD900D1A465 /* PCPuppetTableViewController.m */ = {isa = PBXFileReference; fileEncoding = 4; lastKnownFileType = sourcecode.c.objc; path = PCPuppetTableViewController.m; sourceTree = "<group>"; };
		83A125DB1E7A37DE00D1A465 /* PCPuppetAddingTableViewController.h */ = {isa = PBXFileReference; fileEncoding = 4; lastKnownFileType = sourcecode.c.h; path = PCPuppetAddingTableViewController.h; sourceTree = "<group>"; };
		83A125DC1E7A37DE00D1A465 /* PCPuppetAddingTableViewController.m */ = {isa = PBXFileReference; fileEncoding = 4; lastKnownFileType = sourcecode.c.objc; path = PCPuppetAddingTableViewController.m; sourceTree = "<group>"; };
		83A125DE1E7A3FAA00D1A465 /* PCPuppet.h */ = {isa = PBXFileReference; fileEncoding = 4; lastKnownFileType = sourcecode.c.h; path = PCPuppet.h; sourceTree = "<group>"; };
		83A125DF1E7A3FAA00D1A465 /* PCPuppet.m */ = {isa = PBXFileReference; fileEncoding = 4; lastKnownFileType = sourcecode.c.objc; path = PCPuppet.m; sourceTree = "<group>"; };
		83CCDFD11E7F8298004BE149 /* PCPuppetChatTableViewController.h */ = {isa = PBXFileReference; fileEncoding = 4; lastKnownFileType = sourcecode.c.h; path = PCPuppetChatTableViewController.h; sourceTree = "<group>"; };
		83CCDFD21E7F8298004BE149 /* PCPuppetChatTableViewController.m */ = {isa = PBXFileReference; fileEncoding = 4; lastKnownFileType = sourcecode.c.objc; path = PCPuppetChatTableViewController.m; sourceTree = "<group>"; };
		83F1F1F51E7A863500009A24 /* libsqlite3.tbd */ = {isa = PBXFileReference; lastKnownFileType = "sourcecode.text-based-dylib-definition"; name = libsqlite3.tbd; path = usr/lib/libsqlite3.tbd; sourceTree = SDKROOT; };
		83F1F1F71E7A864100009A24 /* libicucore.tbd */ = {isa = PBXFileReference; lastKnownFileType = "sourcecode.text-based-dylib-definition"; name = libicucore.tbd; path = usr/lib/libicucore.tbd; sourceTree = SDKROOT; };
		83F1F1F91E7B816C00009A24 /* AVOS.xcodeproj */ = {isa = PBXFileReference; lastKnownFileType = "wrapper.pb-project"; name = AVOS.xcodeproj; path = "leancloud-objc-sdk/AVOS/AVOS.xcodeproj"; sourceTree = SOURCE_ROOT; };
		83F1F2221E7B9B7900009A24 /* JSQMessagesAssets.bundle */ = {isa = PBXFileReference; lastKnownFileType = "wrapper.plug-in"; path = JSQMessagesAssets.bundle; sourceTree = "<group>"; };
		83F1F2241E7B9B7900009A24 /* JSQSystemSoundPlayer+JSQMessages.h */ = {isa = PBXFileReference; fileEncoding = 4; lastKnownFileType = sourcecode.c.h; path = "JSQSystemSoundPlayer+JSQMessages.h"; sourceTree = "<group>"; };
		83F1F2251E7B9B7900009A24 /* JSQSystemSoundPlayer+JSQMessages.m */ = {isa = PBXFileReference; fileEncoding = 4; lastKnownFileType = sourcecode.c.objc; path = "JSQSystemSoundPlayer+JSQMessages.m"; sourceTree = "<group>"; };
		83F1F2261E7B9B7900009A24 /* NSBundle+JSQMessages.h */ = {isa = PBXFileReference; fileEncoding = 4; lastKnownFileType = sourcecode.c.h; path = "NSBundle+JSQMessages.h"; sourceTree = "<group>"; };
		83F1F2271E7B9B7900009A24 /* NSBundle+JSQMessages.m */ = {isa = PBXFileReference; fileEncoding = 4; lastKnownFileType = sourcecode.c.objc; path = "NSBundle+JSQMessages.m"; sourceTree = "<group>"; };
		83F1F2281E7B9B7900009A24 /* NSString+JSQMessages.h */ = {isa = PBXFileReference; fileEncoding = 4; lastKnownFileType = sourcecode.c.h; path = "NSString+JSQMessages.h"; sourceTree = "<group>"; };
		83F1F2291E7B9B7900009A24 /* NSString+JSQMessages.m */ = {isa = PBXFileReference; fileEncoding = 4; lastKnownFileType = sourcecode.c.objc; path = "NSString+JSQMessages.m"; sourceTree = "<group>"; };
		83F1F22A1E7B9B7900009A24 /* UIColor+JSQMessages.h */ = {isa = PBXFileReference; fileEncoding = 4; lastKnownFileType = sourcecode.c.h; path = "UIColor+JSQMessages.h"; sourceTree = "<group>"; };
		83F1F22B1E7B9B7900009A24 /* UIColor+JSQMessages.m */ = {isa = PBXFileReference; fileEncoding = 4; lastKnownFileType = sourcecode.c.objc; path = "UIColor+JSQMessages.m"; sourceTree = "<group>"; };
		83F1F22C1E7B9B7900009A24 /* UIDevice+JSQMessages.h */ = {isa = PBXFileReference; fileEncoding = 4; lastKnownFileType = sourcecode.c.h; path = "UIDevice+JSQMessages.h"; sourceTree = "<group>"; };
		83F1F22D1E7B9B7900009A24 /* UIDevice+JSQMessages.m */ = {isa = PBXFileReference; fileEncoding = 4; lastKnownFileType = sourcecode.c.objc; path = "UIDevice+JSQMessages.m"; sourceTree = "<group>"; };
		83F1F22E1E7B9B7900009A24 /* UIImage+JSQMessages.h */ = {isa = PBXFileReference; fileEncoding = 4; lastKnownFileType = sourcecode.c.h; path = "UIImage+JSQMessages.h"; sourceTree = "<group>"; };
		83F1F22F1E7B9B7900009A24 /* UIImage+JSQMessages.m */ = {isa = PBXFileReference; fileEncoding = 4; lastKnownFileType = sourcecode.c.objc; path = "UIImage+JSQMessages.m"; sourceTree = "<group>"; };
		83F1F2301E7B9B7900009A24 /* UIView+JSQMessages.h */ = {isa = PBXFileReference; fileEncoding = 4; lastKnownFileType = sourcecode.c.h; path = "UIView+JSQMessages.h"; sourceTree = "<group>"; };
		83F1F2311E7B9B7900009A24 /* UIView+JSQMessages.m */ = {isa = PBXFileReference; fileEncoding = 4; lastKnownFileType = sourcecode.c.objc; path = "UIView+JSQMessages.m"; sourceTree = "<group>"; };
		83F1F2331E7B9B7900009A24 /* JSQMessagesKeyboardController.h */ = {isa = PBXFileReference; fileEncoding = 4; lastKnownFileType = sourcecode.c.h; path = JSQMessagesKeyboardController.h; sourceTree = "<group>"; };
		83F1F2341E7B9B7900009A24 /* JSQMessagesKeyboardController.m */ = {isa = PBXFileReference; fileEncoding = 4; lastKnownFileType = sourcecode.c.objc; path = JSQMessagesKeyboardController.m; sourceTree = "<group>"; };
		83F1F2351E7B9B7900009A24 /* JSQMessagesViewController.h */ = {isa = PBXFileReference; fileEncoding = 4; lastKnownFileType = sourcecode.c.h; path = JSQMessagesViewController.h; sourceTree = "<group>"; };
		83F1F2361E7B9B7900009A24 /* JSQMessagesViewController.m */ = {isa = PBXFileReference; fileEncoding = 4; lastKnownFileType = sourcecode.c.objc; path = JSQMessagesViewController.m; sourceTree = "<group>"; };
		83F1F2371E7B9B7900009A24 /* JSQMessagesViewController.xib */ = {isa = PBXFileReference; fileEncoding = 4; lastKnownFileType = file.xib; path = JSQMessagesViewController.xib; sourceTree = "<group>"; };
		83F1F2391E7B9B7900009A24 /* JSQMessagesAvatarImageFactory.h */ = {isa = PBXFileReference; fileEncoding = 4; lastKnownFileType = sourcecode.c.h; path = JSQMessagesAvatarImageFactory.h; sourceTree = "<group>"; };
		83F1F23A1E7B9B7900009A24 /* JSQMessagesAvatarImageFactory.m */ = {isa = PBXFileReference; fileEncoding = 4; lastKnownFileType = sourcecode.c.objc; path = JSQMessagesAvatarImageFactory.m; sourceTree = "<group>"; };
		83F1F23B1E7B9B7900009A24 /* JSQMessagesBubbleImageFactory.h */ = {isa = PBXFileReference; fileEncoding = 4; lastKnownFileType = sourcecode.c.h; path = JSQMessagesBubbleImageFactory.h; sourceTree = "<group>"; };
		83F1F23C1E7B9B7900009A24 /* JSQMessagesBubbleImageFactory.m */ = {isa = PBXFileReference; fileEncoding = 4; lastKnownFileType = sourcecode.c.objc; path = JSQMessagesBubbleImageFactory.m; sourceTree = "<group>"; };
		83F1F23D1E7B9B7900009A24 /* JSQMessagesMediaViewBubbleImageMasker.h */ = {isa = PBXFileReference; fileEncoding = 4; lastKnownFileType = sourcecode.c.h; path = JSQMessagesMediaViewBubbleImageMasker.h; sourceTree = "<group>"; };
		83F1F23E1E7B9B7900009A24 /* JSQMessagesMediaViewBubbleImageMasker.m */ = {isa = PBXFileReference; fileEncoding = 4; lastKnownFileType = sourcecode.c.objc; path = JSQMessagesMediaViewBubbleImageMasker.m; sourceTree = "<group>"; };
		83F1F23F1E7B9B7900009A24 /* JSQMessagesTimestampFormatter.h */ = {isa = PBXFileReference; fileEncoding = 4; lastKnownFileType = sourcecode.c.h; path = JSQMessagesTimestampFormatter.h; sourceTree = "<group>"; };
		83F1F2401E7B9B7900009A24 /* JSQMessagesTimestampFormatter.m */ = {isa = PBXFileReference; fileEncoding = 4; lastKnownFileType = sourcecode.c.objc; path = JSQMessagesTimestampFormatter.m; sourceTree = "<group>"; };
		83F1F2411E7B9B7900009A24 /* JSQMessagesToolbarButtonFactory.h */ = {isa = PBXFileReference; fileEncoding = 4; lastKnownFileType = sourcecode.c.h; path = JSQMessagesToolbarButtonFactory.h; sourceTree = "<group>"; };
		83F1F2421E7B9B7900009A24 /* JSQMessagesToolbarButtonFactory.m */ = {isa = PBXFileReference; fileEncoding = 4; lastKnownFileType = sourcecode.c.objc; path = JSQMessagesToolbarButtonFactory.m; sourceTree = "<group>"; };
		83F1F2431E7B9B7900009A24 /* JSQMessages.h */ = {isa = PBXFileReference; fileEncoding = 4; lastKnownFileType = sourcecode.c.h; path = JSQMessages.h; sourceTree = "<group>"; };
		83F1F2451E7B9B7900009A24 /* JSQAudioMediaViewAttributes.h */ = {isa = PBXFileReference; fileEncoding = 4; lastKnownFileType = sourcecode.c.h; path = JSQAudioMediaViewAttributes.h; sourceTree = "<group>"; };
		83F1F2461E7B9B7900009A24 /* JSQAudioMediaViewAttributes.m */ = {isa = PBXFileReference; fileEncoding = 4; lastKnownFileType = sourcecode.c.objc; path = JSQAudioMediaViewAttributes.m; sourceTree = "<group>"; };
		83F1F2471E7B9B7900009A24 /* JSQMessagesBubbleSizeCalculating.h */ = {isa = PBXFileReference; fileEncoding = 4; lastKnownFileType = sourcecode.c.h; path = JSQMessagesBubbleSizeCalculating.h; sourceTree = "<group>"; };
		83F1F2481E7B9B7900009A24 /* JSQMessagesBubblesSizeCalculator.h */ = {isa = PBXFileReference; fileEncoding = 4; lastKnownFileType = sourcecode.c.h; path = JSQMessagesBubblesSizeCalculator.h; sourceTree = "<group>"; };
		83F1F2491E7B9B7900009A24 /* JSQMessagesBubblesSizeCalculator.m */ = {isa = PBXFileReference; fileEncoding = 4; lastKnownFileType = sourcecode.c.objc; path = JSQMessagesBubblesSizeCalculator.m; sourceTree = "<group>"; };
		83F1F24A1E7B9B7900009A24 /* JSQMessagesCollectionViewFlowLayout.h */ = {isa = PBXFileReference; fileEncoding = 4; lastKnownFileType = sourcecode.c.h; path = JSQMessagesCollectionViewFlowLayout.h; sourceTree = "<group>"; };
		83F1F24B1E7B9B7900009A24 /* JSQMessagesCollectionViewFlowLayout.m */ = {isa = PBXFileReference; fileEncoding = 4; lastKnownFileType = sourcecode.c.objc; path = JSQMessagesCollectionViewFlowLayout.m; sourceTree = "<group>"; };
		83F1F24C1E7B9B7900009A24 /* JSQMessagesCollectionViewFlowLayoutInvalidationContext.h */ = {isa = PBXFileReference; fileEncoding = 4; lastKnownFileType = sourcecode.c.h; path = JSQMessagesCollectionViewFlowLayoutInvalidationContext.h; sourceTree = "<group>"; };
		83F1F24D1E7B9B7900009A24 /* JSQMessagesCollectionViewFlowLayoutInvalidationContext.m */ = {isa = PBXFileReference; fileEncoding = 4; lastKnownFileType = sourcecode.c.objc; path = JSQMessagesCollectionViewFlowLayoutInvalidationContext.m; sourceTree = "<group>"; };
		83F1F24E1E7B9B7900009A24 /* JSQMessagesCollectionViewLayoutAttributes.h */ = {isa = PBXFileReference; fileEncoding = 4; lastKnownFileType = sourcecode.c.h; path = JSQMessagesCollectionViewLayoutAttributes.h; sourceTree = "<group>"; };
		83F1F24F1E7B9B7900009A24 /* JSQMessagesCollectionViewLayoutAttributes.m */ = {isa = PBXFileReference; fileEncoding = 4; lastKnownFileType = sourcecode.c.objc; path = JSQMessagesCollectionViewLayoutAttributes.m; sourceTree = "<group>"; };
		83F1F2511E7B9B7900009A24 /* JSQAudioMediaItem.h */ = {isa = PBXFileReference; fileEncoding = 4; lastKnownFileType = sourcecode.c.h; path = JSQAudioMediaItem.h; sourceTree = "<group>"; };
		83F1F2521E7B9B7900009A24 /* JSQAudioMediaItem.m */ = {isa = PBXFileReference; fileEncoding = 4; lastKnownFileType = sourcecode.c.objc; path = JSQAudioMediaItem.m; sourceTree = "<group>"; };
		83F1F2531E7B9B7900009A24 /* JSQLocationMediaItem.h */ = {isa = PBXFileReference; fileEncoding = 4; lastKnownFileType = sourcecode.c.h; path = JSQLocationMediaItem.h; sourceTree = "<group>"; };
		83F1F2541E7B9B7900009A24 /* JSQLocationMediaItem.m */ = {isa = PBXFileReference; fileEncoding = 4; lastKnownFileType = sourcecode.c.objc; path = JSQLocationMediaItem.m; sourceTree = "<group>"; };
		83F1F2551E7B9B7900009A24 /* JSQMediaItem.h */ = {isa = PBXFileReference; fileEncoding = 4; lastKnownFileType = sourcecode.c.h; path = JSQMediaItem.h; sourceTree = "<group>"; };
		83F1F2561E7B9B7900009A24 /* JSQMediaItem.m */ = {isa = PBXFileReference; fileEncoding = 4; lastKnownFileType = sourcecode.c.objc; path = JSQMediaItem.m; sourceTree = "<group>"; };
		83F1F2571E7B9B7900009A24 /* JSQMessage.h */ = {isa = PBXFileReference; fileEncoding = 4; lastKnownFileType = sourcecode.c.h; path = JSQMessage.h; sourceTree = "<group>"; };
		83F1F2581E7B9B7900009A24 /* JSQMessage.m */ = {isa = PBXFileReference; fileEncoding = 4; lastKnownFileType = sourcecode.c.objc; path = JSQMessage.m; sourceTree = "<group>"; };
		83F1F2591E7B9B7900009A24 /* JSQMessageAvatarImageDataSource.h */ = {isa = PBXFileReference; fileEncoding = 4; lastKnownFileType = sourcecode.c.h; path = JSQMessageAvatarImageDataSource.h; sourceTree = "<group>"; };
		83F1F25A1E7B9B7900009A24 /* JSQMessageBubbleImageDataSource.h */ = {isa = PBXFileReference; fileEncoding = 4; lastKnownFileType = sourcecode.c.h; path = JSQMessageBubbleImageDataSource.h; sourceTree = "<group>"; };
		83F1F25B1E7B9B7900009A24 /* JSQMessageData.h */ = {isa = PBXFileReference; fileEncoding = 4; lastKnownFileType = sourcecode.c.h; path = JSQMessageData.h; sourceTree = "<group>"; };
		83F1F25C1E7B9B7900009A24 /* JSQMessageMediaData.h */ = {isa = PBXFileReference; fileEncoding = 4; lastKnownFileType = sourcecode.c.h; path = JSQMessageMediaData.h; sourceTree = "<group>"; };
		83F1F25D1E7B9B7900009A24 /* JSQMessagesAvatarImage.h */ = {isa = PBXFileReference; fileEncoding = 4; lastKnownFileType = sourcecode.c.h; path = JSQMessagesAvatarImage.h; sourceTree = "<group>"; };
		83F1F25E1E7B9B7900009A24 /* JSQMessagesAvatarImage.m */ = {isa = PBXFileReference; fileEncoding = 4; lastKnownFileType = sourcecode.c.objc; path = JSQMessagesAvatarImage.m; sourceTree = "<group>"; };
		83F1F25F1E7B9B7900009A24 /* JSQMessagesBubbleImage.h */ = {isa = PBXFileReference; fileEncoding = 4; lastKnownFileType = sourcecode.c.h; path = JSQMessagesBubbleImage.h; sourceTree = "<group>"; };
		83F1F2601E7B9B7900009A24 /* JSQMessagesBubbleImage.m */ = {isa = PBXFileReference; fileEncoding = 4; lastKnownFileType = sourcecode.c.objc; path = JSQMessagesBubbleImage.m; sourceTree = "<group>"; };
		83F1F2611E7B9B7900009A24 /* JSQMessagesCollectionViewDataSource.h */ = {isa = PBXFileReference; fileEncoding = 4; lastKnownFileType = sourcecode.c.h; path = JSQMessagesCollectionViewDataSource.h; sourceTree = "<group>"; };
		83F1F2621E7B9B7900009A24 /* JSQMessagesCollectionViewDelegateFlowLayout.h */ = {isa = PBXFileReference; fileEncoding = 4; lastKnownFileType = sourcecode.c.h; path = JSQMessagesCollectionViewDelegateFlowLayout.h; sourceTree = "<group>"; };
		83F1F2631E7B9B7900009A24 /* JSQPhotoMediaItem.h */ = {isa = PBXFileReference; fileEncoding = 4; lastKnownFileType = sourcecode.c.h; path = JSQPhotoMediaItem.h; sourceTree = "<group>"; };
		83F1F2641E7B9B7900009A24 /* JSQPhotoMediaItem.m */ = {isa = PBXFileReference; fileEncoding = 4; lastKnownFileType = sourcecode.c.objc; path = JSQPhotoMediaItem.m; sourceTree = "<group>"; };
		83F1F2651E7B9B7900009A24 /* JSQVideoMediaItem.h */ = {isa = PBXFileReference; fileEncoding = 4; lastKnownFileType = sourcecode.c.h; path = JSQVideoMediaItem.h; sourceTree = "<group>"; };
		83F1F2661E7B9B7900009A24 /* JSQVideoMediaItem.m */ = {isa = PBXFileReference; fileEncoding = 4; lastKnownFileType = sourcecode.c.objc; path = JSQVideoMediaItem.m; sourceTree = "<group>"; };
		83F1F2681E7B9B7900009A24 /* JSQMessagesCellTextView.h */ = {isa = PBXFileReference; fileEncoding = 4; lastKnownFileType = sourcecode.c.h; path = JSQMessagesCellTextView.h; sourceTree = "<group>"; };
		83F1F2691E7B9B7900009A24 /* JSQMessagesCellTextView.m */ = {isa = PBXFileReference; fileEncoding = 4; lastKnownFileType = sourcecode.c.objc; path = JSQMessagesCellTextView.m; sourceTree = "<group>"; };
		83F1F26A1E7B9B7900009A24 /* JSQMessagesCollectionView.h */ = {isa = PBXFileReference; fileEncoding = 4; lastKnownFileType = sourcecode.c.h; path = JSQMessagesCollectionView.h; sourceTree = "<group>"; };
		83F1F26B1E7B9B7900009A24 /* JSQMessagesCollectionView.m */ = {isa = PBXFileReference; fileEncoding = 4; lastKnownFileType = sourcecode.c.objc; path = JSQMessagesCollectionView.m; sourceTree = "<group>"; };
		83F1F26C1E7B9B7900009A24 /* JSQMessagesCollectionViewCell.h */ = {isa = PBXFileReference; fileEncoding = 4; lastKnownFileType = sourcecode.c.h; path = JSQMessagesCollectionViewCell.h; sourceTree = "<group>"; };
		83F1F26D1E7B9B7900009A24 /* JSQMessagesCollectionViewCell.m */ = {isa = PBXFileReference; fileEncoding = 4; lastKnownFileType = sourcecode.c.objc; path = JSQMessagesCollectionViewCell.m; sourceTree = "<group>"; };
		83F1F26E1E7B9B7900009A24 /* JSQMessagesCollectionViewCellIncoming.h */ = {isa = PBXFileReference; fileEncoding = 4; lastKnownFileType = sourcecode.c.h; path = JSQMessagesCollectionViewCellIncoming.h; sourceTree = "<group>"; };
		83F1F26F1E7B9B7900009A24 /* JSQMessagesCollectionViewCellIncoming.m */ = {isa = PBXFileReference; fileEncoding = 4; lastKnownFileType = sourcecode.c.objc; path = JSQMessagesCollectionViewCellIncoming.m; sourceTree = "<group>"; };
		83F1F2701E7B9B7900009A24 /* JSQMessagesCollectionViewCellIncoming.xib */ = {isa = PBXFileReference; fileEncoding = 4; lastKnownFileType = file.xib; path = JSQMessagesCollectionViewCellIncoming.xib; sourceTree = "<group>"; };
		83F1F2711E7B9B7900009A24 /* JSQMessagesCollectionViewCellOutgoing.h */ = {isa = PBXFileReference; fileEncoding = 4; lastKnownFileType = sourcecode.c.h; path = JSQMessagesCollectionViewCellOutgoing.h; sourceTree = "<group>"; };
		83F1F2721E7B9B7900009A24 /* JSQMessagesCollectionViewCellOutgoing.m */ = {isa = PBXFileReference; fileEncoding = 4; lastKnownFileType = sourcecode.c.objc; path = JSQMessagesCollectionViewCellOutgoing.m; sourceTree = "<group>"; };
		83F1F2731E7B9B7900009A24 /* JSQMessagesCollectionViewCellOutgoing.xib */ = {isa = PBXFileReference; fileEncoding = 4; lastKnownFileType = file.xib; path = JSQMessagesCollectionViewCellOutgoing.xib; sourceTree = "<group>"; };
		83F1F2741E7B9B7900009A24 /* JSQMessagesComposerTextView.h */ = {isa = PBXFileReference; fileEncoding = 4; lastKnownFileType = sourcecode.c.h; path = JSQMessagesComposerTextView.h; sourceTree = "<group>"; };
		83F1F2751E7B9B7900009A24 /* JSQMessagesComposerTextView.m */ = {isa = PBXFileReference; fileEncoding = 4; lastKnownFileType = sourcecode.c.objc; path = JSQMessagesComposerTextView.m; sourceTree = "<group>"; };
		83F1F2761E7B9B7900009A24 /* JSQMessagesInputToolbar.h */ = {isa = PBXFileReference; fileEncoding = 4; lastKnownFileType = sourcecode.c.h; path = JSQMessagesInputToolbar.h; sourceTree = "<group>"; };
		83F1F2771E7B9B7900009A24 /* JSQMessagesInputToolbar.m */ = {isa = PBXFileReference; fileEncoding = 4; lastKnownFileType = sourcecode.c.objc; path = JSQMessagesInputToolbar.m; sourceTree = "<group>"; };
		83F1F2781E7B9B7900009A24 /* JSQMessagesLabel.h */ = {isa = PBXFileReference; fileEncoding = 4; lastKnownFileType = sourcecode.c.h; path = JSQMessagesLabel.h; sourceTree = "<group>"; };
		83F1F2791E7B9B7900009A24 /* JSQMessagesLabel.m */ = {isa = PBXFileReference; fileEncoding = 4; lastKnownFileType = sourcecode.c.objc; path = JSQMessagesLabel.m; sourceTree = "<group>"; };
		83F1F27A1E7B9B7900009A24 /* JSQMessagesLoadEarlierHeaderView.h */ = {isa = PBXFileReference; fileEncoding = 4; lastKnownFileType = sourcecode.c.h; path = JSQMessagesLoadEarlierHeaderView.h; sourceTree = "<group>"; };
		83F1F27B1E7B9B7900009A24 /* JSQMessagesLoadEarlierHeaderView.m */ = {isa = PBXFileReference; fileEncoding = 4; lastKnownFileType = sourcecode.c.objc; path = JSQMessagesLoadEarlierHeaderView.m; sourceTree = "<group>"; };
		83F1F27C1E7B9B7900009A24 /* JSQMessagesLoadEarlierHeaderView.xib */ = {isa = PBXFileReference; fileEncoding = 4; lastKnownFileType = file.xib; path = JSQMessagesLoadEarlierHeaderView.xib; sourceTree = "<group>"; };
		83F1F27D1E7B9B7900009A24 /* JSQMessagesMediaPlaceholderView.h */ = {isa = PBXFileReference; fileEncoding = 4; lastKnownFileType = sourcecode.c.h; path = JSQMessagesMediaPlaceholderView.h; sourceTree = "<group>"; };
		83F1F27E1E7B9B7900009A24 /* JSQMessagesMediaPlaceholderView.m */ = {isa = PBXFileReference; fileEncoding = 4; lastKnownFileType = sourcecode.c.objc; path = JSQMessagesMediaPlaceholderView.m; sourceTree = "<group>"; };
		83F1F27F1E7B9B7900009A24 /* JSQMessagesToolbarContentView.h */ = {isa = PBXFileReference; fileEncoding = 4; lastKnownFileType = sourcecode.c.h; path = JSQMessagesToolbarContentView.h; sourceTree = "<group>"; };
		83F1F2801E7B9B7900009A24 /* JSQMessagesToolbarContentView.m */ = {isa = PBXFileReference; fileEncoding = 4; lastKnownFileType = sourcecode.c.objc; path = JSQMessagesToolbarContentView.m; sourceTree = "<group>"; };
		83F1F2811E7B9B7900009A24 /* JSQMessagesToolbarContentView.xib */ = {isa = PBXFileReference; fileEncoding = 4; lastKnownFileType = file.xib; path = JSQMessagesToolbarContentView.xib; sourceTree = "<group>"; };
		83F1F2821E7B9B7900009A24 /* JSQMessagesTypingIndicatorFooterView.h */ = {isa = PBXFileReference; fileEncoding = 4; lastKnownFileType = sourcecode.c.h; path = JSQMessagesTypingIndicatorFooterView.h; sourceTree = "<group>"; };
		83F1F2831E7B9B7900009A24 /* JSQMessagesTypingIndicatorFooterView.m */ = {isa = PBXFileReference; fileEncoding = 4; lastKnownFileType = sourcecode.c.objc; path = JSQMessagesTypingIndicatorFooterView.m; sourceTree = "<group>"; };
		83F1F2841E7B9B7900009A24 /* JSQMessagesTypingIndicatorFooterView.xib */ = {isa = PBXFileReference; fileEncoding = 4; lastKnownFileType = file.xib; path = JSQMessagesTypingIndicatorFooterView.xib; sourceTree = "<group>"; };
		83F1F2861E7B9B7900009A24 /* JSQSystemSoundPlayer.h */ = {isa = PBXFileReference; fileEncoding = 4; lastKnownFileType = sourcecode.c.h; path = JSQSystemSoundPlayer.h; sourceTree = "<group>"; };
		83F1F2871E7B9B7900009A24 /* JSQSystemSoundPlayer.m */ = {isa = PBXFileReference; fileEncoding = 4; lastKnownFileType = sourcecode.c.objc; path = JSQSystemSoundPlayer.m; sourceTree = "<group>"; };
/* End PBXFileReference section */

/* Begin PBXFrameworksBuildPhase section */
		83A125A21E78EA3E00D1A465 /* Frameworks */ = {
			isa = PBXFrameworksBuildPhase;
			buildActionMask = 2147483647;
			files = (
				83F1F1F61E7A863500009A24 /* libsqlite3.tbd in Frameworks */,
				83F1F1F81E7A864100009A24 /* libicucore.tbd in Frameworks */,
				83F1F21D1E7B818100009A24 /* AVOSCloud.framework in Frameworks */,
				83F1F21E1E7B818100009A24 /* AVOSCloudIM.framework in Frameworks */,
			);
			runOnlyForDeploymentPostprocessing = 0;
		};
		83A125BB1E78EA3E00D1A465 /* Frameworks */ = {
			isa = PBXFrameworksBuildPhase;
			buildActionMask = 2147483647;
			files = (
			);
			runOnlyForDeploymentPostprocessing = 0;
		};
/* End PBXFrameworksBuildPhase section */

/* Begin PBXGroup section */
		834940261E822B5700D31D94 /* SDWebImage */ = {
			isa = PBXGroup;
			children = (
				834940271E822B5700D31D94 /* NSData+ImageContentType.h */,
				834940281E822B5700D31D94 /* NSData+ImageContentType.m */,
				834940291E822B5700D31D94 /* NSImage+WebCache.h */,
				8349402A1E822B5700D31D94 /* NSImage+WebCache.m */,
				8349402B1E822B5700D31D94 /* SDImageCache.h */,
				8349402C1E822B5700D31D94 /* SDImageCache.m */,
				8349402D1E822B5700D31D94 /* SDImageCacheConfig.h */,
				8349402E1E822B5700D31D94 /* SDImageCacheConfig.m */,
				8349402F1E822B5700D31D94 /* SDWebImageCompat.h */,
				834940301E822B5700D31D94 /* SDWebImageCompat.m */,
				834940311E822B5700D31D94 /* SDWebImageDecoder.h */,
				834940321E822B5700D31D94 /* SDWebImageDecoder.m */,
				834940331E822B5700D31D94 /* SDWebImageDownloader.h */,
				834940341E822B5700D31D94 /* SDWebImageDownloader.m */,
				834940351E822B5700D31D94 /* SDWebImageDownloaderOperation.h */,
				834940361E822B5700D31D94 /* SDWebImageDownloaderOperation.m */,
				834940371E822B5700D31D94 /* SDWebImageManager.h */,
				834940381E822B5700D31D94 /* SDWebImageManager.m */,
				834940391E822B5700D31D94 /* SDWebImageOperation.h */,
				8349403A1E822B5700D31D94 /* SDWebImagePrefetcher.h */,
				8349403B1E822B5700D31D94 /* SDWebImagePrefetcher.m */,
				8349403C1E822B5700D31D94 /* UIButton+WebCache.h */,
				8349403D1E822B5700D31D94 /* UIButton+WebCache.m */,
				8349403E1E822B5700D31D94 /* UIImage+GIF.h */,
				8349403F1E822B5700D31D94 /* UIImage+GIF.m */,
				834940401E822B5700D31D94 /* UIImage+MultiFormat.h */,
				834940411E822B5700D31D94 /* UIImage+MultiFormat.m */,
				834940421E822B5700D31D94 /* UIImageView+HighlightedWebCache.h */,
				834940431E822B5700D31D94 /* UIImageView+HighlightedWebCache.m */,
				834940441E822B5700D31D94 /* UIImageView+WebCache.h */,
				834940451E822B5700D31D94 /* UIImageView+WebCache.m */,
				834940461E822B5700D31D94 /* UIView+WebCache.h */,
				834940471E822B5700D31D94 /* UIView+WebCache.m */,
				834940481E822B5700D31D94 /* UIView+WebCacheOperation.h */,
				834940491E822B5700D31D94 /* UIView+WebCacheOperation.m */,
			);
			path = SDWebImage;
			sourceTree = "<group>";
		};
		83A1259C1E78EA3E00D1A465 = {
			isa = PBXGroup;
			children = (
				83A125A71E78EA3E00D1A465 /* PuppetChat */,
				83A125E11E7A7FED00D1A465 /* Frameworks */,
				83F1F21F1E7B9B7900009A24 /* ThirdParty */,
				83A125C11E78EA3E00D1A465 /* PuppetChatTests */,
				83A125A61E78EA3E00D1A465 /* Products */,
			);
			sourceTree = "<group>";
		};
		83A125A61E78EA3E00D1A465 /* Products */ = {
			isa = PBXGroup;
			children = (
				83A125A51E78EA3E00D1A465 /* PuppetChat.app */,
				83A125BE1E78EA3E00D1A465 /* PuppetChatTests.xctest */,
			);
			name = Products;
			sourceTree = "<group>";
		};
		83A125A71E78EA3E00D1A465 /* PuppetChat */ = {
			isa = PBXGroup;
			children = (
				83A125AB1E78EA3E00D1A465 /* AppDelegate.h */,
				83A125AC1E78EA3E00D1A465 /* AppDelegate.m */,
				83A125AE1E78EA3E00D1A465 /* ViewController.h */,
				83A125AF1E78EA3E00D1A465 /* ViewController.m */,
				83A125DE1E7A3FAA00D1A465 /* PCPuppet.h */,
				83A125DF1E7A3FAA00D1A465 /* PCPuppet.m */,
				83A125D11E792FD900D1A465 /* PCPuppetTableViewController.h */,
				83A125D21E792FD900D1A465 /* PCPuppetTableViewController.m */,
				83A125CD1E792AA500D1A465 /* PCPuppetTableViewCell.h */,
				83A125CE1E792AA500D1A465 /* PCPuppetTableViewCell.m */,
				83A125DB1E7A37DE00D1A465 /* PCPuppetAddingTableViewController.h */,
				83A125DC1E7A37DE00D1A465 /* PCPuppetAddingTableViewController.m */,
				83CCDFD11E7F8298004BE149 /* PCPuppetChatTableViewController.h */,
				83CCDFD21E7F8298004BE149 /* PCPuppetChatTableViewController.m */,
				834940681E825B7100D31D94 /* PCPuppetChatTableSectionHeaderView.h */,
				834940691E825B7100D31D94 /* PCPuppetChatTableSectionHeaderView.m */,
				83762BA11E81056200F9B9D9 /* PCPuppetMessageViewController.h */,
				83762BA21E81056200F9B9D9 /* PCPuppetMessageViewController.m */,
				838760EF1E82662D00C4F1D7 /* PCPuppetAvatarGenerator.h */,
				838760F01E82662D00C4F1D7 /* PCPuppetAvatarGenerator.m */,
				838761021E82B5E900C4F1D7 /* PCPuppetDataModel.xcdatamodeld */,
				83A125B11E78EA3E00D1A465 /* Main.storyboard */,
				83A125B41E78EA3E00D1A465 /* Assets.xcassets */,
				83A125B61E78EA3E00D1A465 /* LaunchScreen.storyboard */,
				83A125B91E78EA3E00D1A465 /* Info.plist */,
				83A125A81E78EA3E00D1A465 /* Supporting Files */,
			);
			path = PuppetChat;
			sourceTree = "<group>";
		};
		83A125A81E78EA3E00D1A465 /* Supporting Files */ = {
			isa = PBXGroup;
			children = (
				83A125A91E78EA3E00D1A465 /* main.m */,
			);
			name = "Supporting Files";
			sourceTree = "<group>";
		};
		83A125C11E78EA3E00D1A465 /* PuppetChatTests */ = {
			isa = PBXGroup;
			children = (
				83A125C21E78EA3E00D1A465 /* PuppetChatTests.m */,
				83A125C41E78EA3E00D1A465 /* Info.plist */,
			);
			path = PuppetChatTests;
			sourceTree = "<group>";
		};
		83A125E11E7A7FED00D1A465 /* Frameworks */ = {
			isa = PBXGroup;
			children = (
				83F1F1F51E7A863500009A24 /* libsqlite3.tbd */,
				83F1F1F71E7A864100009A24 /* libicucore.tbd */,
				83F1F1F91E7B816C00009A24 /* AVOS.xcodeproj */,
			);
			path = Frameworks;
			sourceTree = "<group>";
		};
		83F1F1FA1E7B816C00009A24 /* Products */ = {
			isa = PBXGroup;
			children = (
				83F1F2081E7B816C00009A24 /* AVOSCloud.framework */,
				83F1F20A1E7B816C00009A24 /* AVOSCloud-iOSTests.xctest */,
				83F1F20C1E7B816C00009A24 /* AVOSCloud.framework */,
				83F1F20E1E7B816C00009A24 /* AVOSCloud-macOSTests.xctest */,
				83F1F2101E7B816C00009A24 /* AVOSCloud.framework */,
				83F1F2121E7B816C00009A24 /* AVOSCloud.framework */,
				83F1F2141E7B816C00009A24 /* AVOSCloudIM.framework */,
				83F1F2161E7B816C00009A24 /* AVOSCloudIM-iOSTests.xctest */,
				83F1F2181E7B816C00009A24 /* AVOSCloudIM.framework */,
				83F1F21A1E7B816C00009A24 /* AVOSCloudIM-macOSTests.xctest */,
				83F1F21C1E7B816C00009A24 /* AVOSCloudCrashReporting.framework */,
			);
			name = Products;
			sourceTree = "<group>";
		};
		83F1F21F1E7B9B7900009A24 /* ThirdParty */ = {
			isa = PBXGroup;
			children = (
				83F1F2201E7B9B7900009A24 /* JSQMessagesViewController */,
				83F1F2851E7B9B7900009A24 /* JSQSystemSoundPlayer */,
				834940261E822B5700D31D94 /* SDWebImage */,
			);
			path = ThirdParty;
			sourceTree = "<group>";
		};
		83F1F2201E7B9B7900009A24 /* JSQMessagesViewController */ = {
			isa = PBXGroup;
			children = (
				83F1F2211E7B9B7900009A24 /* Assets */,
				83F1F2231E7B9B7900009A24 /* Categories */,
				83F1F2321E7B9B7900009A24 /* Controllers */,
				83F1F2381E7B9B7900009A24 /* Factories */,
				83F1F2431E7B9B7900009A24 /* JSQMessages.h */,
				83F1F2441E7B9B7900009A24 /* Layout */,
				83F1F2501E7B9B7900009A24 /* Model */,
				83F1F2671E7B9B7900009A24 /* Views */,
			);
			path = JSQMessagesViewController;
			sourceTree = "<group>";
		};
		83F1F2211E7B9B7900009A24 /* Assets */ = {
			isa = PBXGroup;
			children = (
				83F1F2221E7B9B7900009A24 /* JSQMessagesAssets.bundle */,
			);
			path = Assets;
			sourceTree = "<group>";
		};
		83F1F2231E7B9B7900009A24 /* Categories */ = {
			isa = PBXGroup;
			children = (
				83F1F2241E7B9B7900009A24 /* JSQSystemSoundPlayer+JSQMessages.h */,
				83F1F2251E7B9B7900009A24 /* JSQSystemSoundPlayer+JSQMessages.m */,
				83F1F2261E7B9B7900009A24 /* NSBundle+JSQMessages.h */,
				83F1F2271E7B9B7900009A24 /* NSBundle+JSQMessages.m */,
				83F1F2281E7B9B7900009A24 /* NSString+JSQMessages.h */,
				83F1F2291E7B9B7900009A24 /* NSString+JSQMessages.m */,
				83F1F22A1E7B9B7900009A24 /* UIColor+JSQMessages.h */,
				83F1F22B1E7B9B7900009A24 /* UIColor+JSQMessages.m */,
				83F1F22C1E7B9B7900009A24 /* UIDevice+JSQMessages.h */,
				83F1F22D1E7B9B7900009A24 /* UIDevice+JSQMessages.m */,
				83F1F22E1E7B9B7900009A24 /* UIImage+JSQMessages.h */,
				83F1F22F1E7B9B7900009A24 /* UIImage+JSQMessages.m */,
				83F1F2301E7B9B7900009A24 /* UIView+JSQMessages.h */,
				83F1F2311E7B9B7900009A24 /* UIView+JSQMessages.m */,
			);
			path = Categories;
			sourceTree = "<group>";
		};
		83F1F2321E7B9B7900009A24 /* Controllers */ = {
			isa = PBXGroup;
			children = (
				83F1F2331E7B9B7900009A24 /* JSQMessagesKeyboardController.h */,
				83F1F2341E7B9B7900009A24 /* JSQMessagesKeyboardController.m */,
				83F1F2351E7B9B7900009A24 /* JSQMessagesViewController.h */,
				83F1F2361E7B9B7900009A24 /* JSQMessagesViewController.m */,
				83F1F2371E7B9B7900009A24 /* JSQMessagesViewController.xib */,
			);
			path = Controllers;
			sourceTree = "<group>";
		};
		83F1F2381E7B9B7900009A24 /* Factories */ = {
			isa = PBXGroup;
			children = (
				83F1F2391E7B9B7900009A24 /* JSQMessagesAvatarImageFactory.h */,
				83F1F23A1E7B9B7900009A24 /* JSQMessagesAvatarImageFactory.m */,
				83F1F23B1E7B9B7900009A24 /* JSQMessagesBubbleImageFactory.h */,
				83F1F23C1E7B9B7900009A24 /* JSQMessagesBubbleImageFactory.m */,
				83F1F23D1E7B9B7900009A24 /* JSQMessagesMediaViewBubbleImageMasker.h */,
				83F1F23E1E7B9B7900009A24 /* JSQMessagesMediaViewBubbleImageMasker.m */,
				83F1F23F1E7B9B7900009A24 /* JSQMessagesTimestampFormatter.h */,
				83F1F2401E7B9B7900009A24 /* JSQMessagesTimestampFormatter.m */,
				83F1F2411E7B9B7900009A24 /* JSQMessagesToolbarButtonFactory.h */,
				83F1F2421E7B9B7900009A24 /* JSQMessagesToolbarButtonFactory.m */,
			);
			path = Factories;
			sourceTree = "<group>";
		};
		83F1F2441E7B9B7900009A24 /* Layout */ = {
			isa = PBXGroup;
			children = (
				83F1F2451E7B9B7900009A24 /* JSQAudioMediaViewAttributes.h */,
				83F1F2461E7B9B7900009A24 /* JSQAudioMediaViewAttributes.m */,
				83F1F2471E7B9B7900009A24 /* JSQMessagesBubbleSizeCalculating.h */,
				83F1F2481E7B9B7900009A24 /* JSQMessagesBubblesSizeCalculator.h */,
				83F1F2491E7B9B7900009A24 /* JSQMessagesBubblesSizeCalculator.m */,
				83F1F24A1E7B9B7900009A24 /* JSQMessagesCollectionViewFlowLayout.h */,
				83F1F24B1E7B9B7900009A24 /* JSQMessagesCollectionViewFlowLayout.m */,
				83F1F24C1E7B9B7900009A24 /* JSQMessagesCollectionViewFlowLayoutInvalidationContext.h */,
				83F1F24D1E7B9B7900009A24 /* JSQMessagesCollectionViewFlowLayoutInvalidationContext.m */,
				83F1F24E1E7B9B7900009A24 /* JSQMessagesCollectionViewLayoutAttributes.h */,
				83F1F24F1E7B9B7900009A24 /* JSQMessagesCollectionViewLayoutAttributes.m */,
			);
			path = Layout;
			sourceTree = "<group>";
		};
		83F1F2501E7B9B7900009A24 /* Model */ = {
			isa = PBXGroup;
			children = (
				83F1F2511E7B9B7900009A24 /* JSQAudioMediaItem.h */,
				83F1F2521E7B9B7900009A24 /* JSQAudioMediaItem.m */,
				83F1F2531E7B9B7900009A24 /* JSQLocationMediaItem.h */,
				83F1F2541E7B9B7900009A24 /* JSQLocationMediaItem.m */,
				83F1F2551E7B9B7900009A24 /* JSQMediaItem.h */,
				83F1F2561E7B9B7900009A24 /* JSQMediaItem.m */,
				83F1F2571E7B9B7900009A24 /* JSQMessage.h */,
				83F1F2581E7B9B7900009A24 /* JSQMessage.m */,
				83F1F2591E7B9B7900009A24 /* JSQMessageAvatarImageDataSource.h */,
				83F1F25A1E7B9B7900009A24 /* JSQMessageBubbleImageDataSource.h */,
				83F1F25B1E7B9B7900009A24 /* JSQMessageData.h */,
				83F1F25C1E7B9B7900009A24 /* JSQMessageMediaData.h */,
				83F1F25D1E7B9B7900009A24 /* JSQMessagesAvatarImage.h */,
				83F1F25E1E7B9B7900009A24 /* JSQMessagesAvatarImage.m */,
				83F1F25F1E7B9B7900009A24 /* JSQMessagesBubbleImage.h */,
				83F1F2601E7B9B7900009A24 /* JSQMessagesBubbleImage.m */,
				83F1F2611E7B9B7900009A24 /* JSQMessagesCollectionViewDataSource.h */,
				83F1F2621E7B9B7900009A24 /* JSQMessagesCollectionViewDelegateFlowLayout.h */,
				83F1F2631E7B9B7900009A24 /* JSQPhotoMediaItem.h */,
				83F1F2641E7B9B7900009A24 /* JSQPhotoMediaItem.m */,
				83F1F2651E7B9B7900009A24 /* JSQVideoMediaItem.h */,
				83F1F2661E7B9B7900009A24 /* JSQVideoMediaItem.m */,
			);
			path = Model;
			sourceTree = "<group>";
		};
		83F1F2671E7B9B7900009A24 /* Views */ = {
			isa = PBXGroup;
			children = (
				83F1F2681E7B9B7900009A24 /* JSQMessagesCellTextView.h */,
				83F1F2691E7B9B7900009A24 /* JSQMessagesCellTextView.m */,
				83F1F26A1E7B9B7900009A24 /* JSQMessagesCollectionView.h */,
				83F1F26B1E7B9B7900009A24 /* JSQMessagesCollectionView.m */,
				83F1F26C1E7B9B7900009A24 /* JSQMessagesCollectionViewCell.h */,
				83F1F26D1E7B9B7900009A24 /* JSQMessagesCollectionViewCell.m */,
				83F1F26E1E7B9B7900009A24 /* JSQMessagesCollectionViewCellIncoming.h */,
				83F1F26F1E7B9B7900009A24 /* JSQMessagesCollectionViewCellIncoming.m */,
				83F1F2701E7B9B7900009A24 /* JSQMessagesCollectionViewCellIncoming.xib */,
				83F1F2711E7B9B7900009A24 /* JSQMessagesCollectionViewCellOutgoing.h */,
				83F1F2721E7B9B7900009A24 /* JSQMessagesCollectionViewCellOutgoing.m */,
				83F1F2731E7B9B7900009A24 /* JSQMessagesCollectionViewCellOutgoing.xib */,
				83F1F2741E7B9B7900009A24 /* JSQMessagesComposerTextView.h */,
				83F1F2751E7B9B7900009A24 /* JSQMessagesComposerTextView.m */,
				83F1F2761E7B9B7900009A24 /* JSQMessagesInputToolbar.h */,
				83F1F2771E7B9B7900009A24 /* JSQMessagesInputToolbar.m */,
				83F1F2781E7B9B7900009A24 /* JSQMessagesLabel.h */,
				83F1F2791E7B9B7900009A24 /* JSQMessagesLabel.m */,
				83F1F27A1E7B9B7900009A24 /* JSQMessagesLoadEarlierHeaderView.h */,
				83F1F27B1E7B9B7900009A24 /* JSQMessagesLoadEarlierHeaderView.m */,
				83F1F27C1E7B9B7900009A24 /* JSQMessagesLoadEarlierHeaderView.xib */,
				83F1F27D1E7B9B7900009A24 /* JSQMessagesMediaPlaceholderView.h */,
				83F1F27E1E7B9B7900009A24 /* JSQMessagesMediaPlaceholderView.m */,
				83F1F27F1E7B9B7900009A24 /* JSQMessagesToolbarContentView.h */,
				83F1F2801E7B9B7900009A24 /* JSQMessagesToolbarContentView.m */,
				83F1F2811E7B9B7900009A24 /* JSQMessagesToolbarContentView.xib */,
				83F1F2821E7B9B7900009A24 /* JSQMessagesTypingIndicatorFooterView.h */,
				83F1F2831E7B9B7900009A24 /* JSQMessagesTypingIndicatorFooterView.m */,
				83F1F2841E7B9B7900009A24 /* JSQMessagesTypingIndicatorFooterView.xib */,
			);
			path = Views;
			sourceTree = "<group>";
		};
		83F1F2851E7B9B7900009A24 /* JSQSystemSoundPlayer */ = {
			isa = PBXGroup;
			children = (
				83F1F2861E7B9B7900009A24 /* JSQSystemSoundPlayer.h */,
				83F1F2871E7B9B7900009A24 /* JSQSystemSoundPlayer.m */,
			);
			path = JSQSystemSoundPlayer;
			sourceTree = "<group>";
		};
/* End PBXGroup section */

/* Begin PBXNativeTarget section */
		83A125A41E78EA3E00D1A465 /* PuppetChat */ = {
			isa = PBXNativeTarget;
			buildConfigurationList = 83A125C71E78EA3E00D1A465 /* Build configuration list for PBXNativeTarget "PuppetChat" */;
			buildPhases = (
				83A125A11E78EA3E00D1A465 /* Sources */,
				83A125A21E78EA3E00D1A465 /* Frameworks */,
				83A125A31E78EA3E00D1A465 /* Resources */,
			);
			buildRules = (
			);
			dependencies = (
			);
			name = PuppetChat;
			productName = PuppetChat;
			productReference = 83A125A51E78EA3E00D1A465 /* PuppetChat.app */;
			productType = "com.apple.product-type.application";
		};
		83A125BD1E78EA3E00D1A465 /* PuppetChatTests */ = {
			isa = PBXNativeTarget;
			buildConfigurationList = 83A125CA1E78EA3E00D1A465 /* Build configuration list for PBXNativeTarget "PuppetChatTests" */;
			buildPhases = (
				83A125BA1E78EA3E00D1A465 /* Sources */,
				83A125BB1E78EA3E00D1A465 /* Frameworks */,
				83A125BC1E78EA3E00D1A465 /* Resources */,
			);
			buildRules = (
			);
			dependencies = (
				83A125C01E78EA3E00D1A465 /* PBXTargetDependency */,
			);
			name = PuppetChatTests;
			productName = PuppetChatTests;
			productReference = 83A125BE1E78EA3E00D1A465 /* PuppetChatTests.xctest */;
			productType = "com.apple.product-type.bundle.unit-test";
		};
/* End PBXNativeTarget section */

/* Begin PBXProject section */
		83A1259D1E78EA3E00D1A465 /* Project object */ = {
			isa = PBXProject;
			attributes = {
				LastUpgradeCheck = 0810;
				ORGANIZATIONNAME = "Tianyong Tang";
				TargetAttributes = {
					83A125A41E78EA3E00D1A465 = {
						CreatedOnToolsVersion = 8.1;
						DevelopmentTeam = Y6X8P44TM5;
						ProvisioningStyle = Automatic;
					};
					83A125BD1E78EA3E00D1A465 = {
						CreatedOnToolsVersion = 8.1;
						DevelopmentTeam = Y6X8P44TM5;
						ProvisioningStyle = Automatic;
						TestTargetID = 83A125A41E78EA3E00D1A465;
					};
				};
			};
			buildConfigurationList = 83A125A01E78EA3E00D1A465 /* Build configuration list for PBXProject "PuppetChat" */;
			compatibilityVersion = "Xcode 3.2";
			developmentRegion = English;
			hasScannedForEncodings = 0;
			knownRegions = (
				en,
				Base,
			);
			mainGroup = 83A1259C1E78EA3E00D1A465;
			productRefGroup = 83A125A61E78EA3E00D1A465 /* Products */;
			projectDirPath = "";
			projectReferences = (
				{
					ProductGroup = 83F1F1FA1E7B816C00009A24 /* Products */;
					ProjectRef = 83F1F1F91E7B816C00009A24 /* AVOS.xcodeproj */;
				},
			);
			projectRoot = "";
			targets = (
				83A125A41E78EA3E00D1A465 /* PuppetChat */,
				83A125BD1E78EA3E00D1A465 /* PuppetChatTests */,
			);
		};
/* End PBXProject section */

/* Begin PBXReferenceProxy section */
		83F1F2081E7B816C00009A24 /* AVOSCloud.framework */ = {
			isa = PBXReferenceProxy;
			fileType = wrapper.framework;
			path = AVOSCloud.framework;
			remoteRef = 83F1F2071E7B816C00009A24 /* PBXContainerItemProxy */;
			sourceTree = BUILT_PRODUCTS_DIR;
		};
		83F1F20A1E7B816C00009A24 /* AVOSCloud-iOSTests.xctest */ = {
			isa = PBXReferenceProxy;
			fileType = wrapper.cfbundle;
			path = "AVOSCloud-iOSTests.xctest";
			remoteRef = 83F1F2091E7B816C00009A24 /* PBXContainerItemProxy */;
			sourceTree = BUILT_PRODUCTS_DIR;
		};
		83F1F20C1E7B816C00009A24 /* AVOSCloud.framework */ = {
			isa = PBXReferenceProxy;
			fileType = wrapper.framework;
			path = AVOSCloud.framework;
			remoteRef = 83F1F20B1E7B816C00009A24 /* PBXContainerItemProxy */;
			sourceTree = BUILT_PRODUCTS_DIR;
		};
		83F1F20E1E7B816C00009A24 /* AVOSCloud-macOSTests.xctest */ = {
			isa = PBXReferenceProxy;
			fileType = wrapper.cfbundle;
			path = "AVOSCloud-macOSTests.xctest";
			remoteRef = 83F1F20D1E7B816C00009A24 /* PBXContainerItemProxy */;
			sourceTree = BUILT_PRODUCTS_DIR;
		};
		83F1F2101E7B816C00009A24 /* AVOSCloud.framework */ = {
			isa = PBXReferenceProxy;
			fileType = wrapper.framework;
			path = AVOSCloud.framework;
			remoteRef = 83F1F20F1E7B816C00009A24 /* PBXContainerItemProxy */;
			sourceTree = BUILT_PRODUCTS_DIR;
		};
		83F1F2121E7B816C00009A24 /* AVOSCloud.framework */ = {
			isa = PBXReferenceProxy;
			fileType = wrapper.framework;
			path = AVOSCloud.framework;
			remoteRef = 83F1F2111E7B816C00009A24 /* PBXContainerItemProxy */;
			sourceTree = BUILT_PRODUCTS_DIR;
		};
		83F1F2141E7B816C00009A24 /* AVOSCloudIM.framework */ = {
			isa = PBXReferenceProxy;
			fileType = wrapper.framework;
			path = AVOSCloudIM.framework;
			remoteRef = 83F1F2131E7B816C00009A24 /* PBXContainerItemProxy */;
			sourceTree = BUILT_PRODUCTS_DIR;
		};
		83F1F2161E7B816C00009A24 /* AVOSCloudIM-iOSTests.xctest */ = {
			isa = PBXReferenceProxy;
			fileType = wrapper.cfbundle;
			path = "AVOSCloudIM-iOSTests.xctest";
			remoteRef = 83F1F2151E7B816C00009A24 /* PBXContainerItemProxy */;
			sourceTree = BUILT_PRODUCTS_DIR;
		};
		83F1F2181E7B816C00009A24 /* AVOSCloudIM.framework */ = {
			isa = PBXReferenceProxy;
			fileType = wrapper.framework;
			path = AVOSCloudIM.framework;
			remoteRef = 83F1F2171E7B816C00009A24 /* PBXContainerItemProxy */;
			sourceTree = BUILT_PRODUCTS_DIR;
		};
		83F1F21A1E7B816C00009A24 /* AVOSCloudIM-macOSTests.xctest */ = {
			isa = PBXReferenceProxy;
			fileType = wrapper.cfbundle;
			path = "AVOSCloudIM-macOSTests.xctest";
			remoteRef = 83F1F2191E7B816C00009A24 /* PBXContainerItemProxy */;
			sourceTree = BUILT_PRODUCTS_DIR;
		};
		83F1F21C1E7B816C00009A24 /* AVOSCloudCrashReporting.framework */ = {
			isa = PBXReferenceProxy;
			fileType = wrapper.framework;
			path = AVOSCloudCrashReporting.framework;
			remoteRef = 83F1F21B1E7B816C00009A24 /* PBXContainerItemProxy */;
			sourceTree = BUILT_PRODUCTS_DIR;
		};
/* End PBXReferenceProxy section */

/* Begin PBXResourcesBuildPhase section */
		83A125A31E78EA3E00D1A465 /* Resources */ = {
			isa = PBXResourcesBuildPhase;
			buildActionMask = 2147483647;
			files = (
				83A125B81E78EA3E00D1A465 /* LaunchScreen.storyboard in Resources */,
				83F1F2B51E7B9B7900009A24 /* JSQMessagesTypingIndicatorFooterView.xib in Resources */,
				83F1F2881E7B9B7900009A24 /* JSQMessagesAssets.bundle in Resources */,
				83A125B51E78EA3E00D1A465 /* Assets.xcassets in Resources */,
				83F1F2B01E7B9B7900009A24 /* JSQMessagesLoadEarlierHeaderView.xib in Resources */,
				83F1F2AB1E7B9B7900009A24 /* JSQMessagesCollectionViewCellOutgoing.xib in Resources */,
				83A125B31E78EA3E00D1A465 /* Main.storyboard in Resources */,
				83F1F2921E7B9B7900009A24 /* JSQMessagesViewController.xib in Resources */,
				83F1F2A91E7B9B7900009A24 /* JSQMessagesCollectionViewCellIncoming.xib in Resources */,
				83F1F2B31E7B9B7900009A24 /* JSQMessagesToolbarContentView.xib in Resources */,
			);
			runOnlyForDeploymentPostprocessing = 0;
		};
		83A125BC1E78EA3E00D1A465 /* Resources */ = {
			isa = PBXResourcesBuildPhase;
			buildActionMask = 2147483647;
			files = (
			);
			runOnlyForDeploymentPostprocessing = 0;
		};
/* End PBXResourcesBuildPhase section */

/* Begin PBXSourcesBuildPhase section */
		83A125A11E78EA3E00D1A465 /* Sources */ = {
			isa = PBXSourcesBuildPhase;
			buildActionMask = 2147483647;
			files = (
				83F1F2991E7B9B7900009A24 /* JSQMessagesBubblesSizeCalculator.m in Sources */,
				83A125B01E78EA3E00D1A465 /* ViewController.m in Sources */,
				83F1F2B61E7B9B7900009A24 /* JSQSystemSoundPlayer.m in Sources */,
				834940511E822B5700D31D94 /* SDWebImageDownloaderOperation.m in Sources */,
				8349405A1E822B5700D31D94 /* UIView+WebCacheOperation.m in Sources */,
				83F1F28F1E7B9B7900009A24 /* UIView+JSQMessages.m in Sources */,
				83F1F2A61E7B9B7900009A24 /* JSQMessagesCollectionView.m in Sources */,
				8349404D1E822B5700D31D94 /* SDImageCacheConfig.m in Sources */,
				83F1F29A1E7B9B7900009A24 /* JSQMessagesCollectionViewFlowLayout.m in Sources */,
				83A125AD1E78EA3E00D1A465 /* AppDelegate.m in Sources */,
				83F1F2AC1E7B9B7900009A24 /* JSQMessagesComposerTextView.m in Sources */,
				8349404B1E822B5700D31D94 /* NSImage+WebCache.m in Sources */,
				83A125AA1E78EA3E00D1A465 /* main.m in Sources */,
				83F1F29F1E7B9B7900009A24 /* JSQMediaItem.m in Sources */,
				83F1F2A51E7B9B7900009A24 /* JSQMessagesCellTextView.m in Sources */,
				838760F11E82662D00C4F1D7 /* PCPuppetAvatarGenerator.m in Sources */,
				83F1F2A31E7B9B7900009A24 /* JSQPhotoMediaItem.m in Sources */,
				83CCDFD31E7F8298004BE149 /* PCPuppetChatTableViewController.m in Sources */,
				834940591E822B5700D31D94 /* UIView+WebCache.m in Sources */,
				83F1F29C1E7B9B7900009A24 /* JSQMessagesCollectionViewLayoutAttributes.m in Sources */,
				83F1F2A21E7B9B7900009A24 /* JSQMessagesBubbleImage.m in Sources */,
				83F1F2AE1E7B9B7900009A24 /* JSQMessagesLabel.m in Sources */,
				83F1F2931E7B9B7900009A24 /* JSQMessagesAvatarImageFactory.m in Sources */,
				83F1F2891E7B9B7900009A24 /* JSQSystemSoundPlayer+JSQMessages.m in Sources */,
				8349406A1E825B7100D31D94 /* PCPuppetChatTableSectionHeaderView.m in Sources */,
				834940521E822B5700D31D94 /* SDWebImageManager.m in Sources */,
				83F1F2981E7B9B7900009A24 /* JSQAudioMediaViewAttributes.m in Sources */,
				83A125DD1E7A37DE00D1A465 /* PCPuppetAddingTableViewController.m in Sources */,
				834940561E822B5700D31D94 /* UIImage+MultiFormat.m in Sources */,
				834940531E822B5700D31D94 /* SDWebImagePrefetcher.m in Sources */,
				8349404A1E822B5700D31D94 /* NSData+ImageContentType.m in Sources */,
				83F1F2A01E7B9B7900009A24 /* JSQMessage.m in Sources */,
				8349404C1E822B5700D31D94 /* SDImageCache.m in Sources */,
				83F1F28A1E7B9B7900009A24 /* NSBundle+JSQMessages.m in Sources */,
				83F1F2B11E7B9B7900009A24 /* JSQMessagesMediaPlaceholderView.m in Sources */,
				8349404F1E822B5700D31D94 /* SDWebImageDecoder.m in Sources */,
				83A125CF1E792AA500D1A465 /* PCPuppetTableViewCell.m in Sources */,
				83F1F2B21E7B9B7900009A24 /* JSQMessagesToolbarContentView.m in Sources */,
				83A125D31E792FD900D1A465 /* PCPuppetTableViewController.m in Sources */,
				83F1F28D1E7B9B7900009A24 /* UIDevice+JSQMessages.m in Sources */,
				8349404E1E822B5700D31D94 /* SDWebImageCompat.m in Sources */,
				83F1F2B41E7B9B7900009A24 /* JSQMessagesTypingIndicatorFooterView.m in Sources */,
				838761041E82B5E900C4F1D7 /* PCPuppetDataModel.xcdatamodeld in Sources */,
				834940541E822B5700D31D94 /* UIButton+WebCache.m in Sources */,
				83F1F2901E7B9B7900009A24 /* JSQMessagesKeyboardController.m in Sources */,
				83F1F2961E7B9B7900009A24 /* JSQMessagesTimestampFormatter.m in Sources */,
				83762BA41E81056200F9B9D9 /* PCPuppetMessageViewController.m in Sources */,
				834940581E822B5700D31D94 /* UIImageView+WebCache.m in Sources */,
				83F1F2AF1E7B9B7900009A24 /* JSQMessagesLoadEarlierHeaderView.m in Sources */,
				83F1F2AD1E7B9B7900009A24 /* JSQMessagesInputToolbar.m in Sources */,
				83F1F2A11E7B9B7900009A24 /* JSQMessagesAvatarImage.m in Sources */,
				834940501E822B5700D31D94 /* SDWebImageDownloader.m in Sources */,
				83F1F2911E7B9B7900009A24 /* JSQMessagesViewController.m in Sources */,
				83F1F2AA1E7B9B7900009A24 /* JSQMessagesCollectionViewCellOutgoing.m in Sources */,
				83F1F2A71E7B9B7900009A24 /* JSQMessagesCollectionViewCell.m in Sources */,
				83F1F2941E7B9B7900009A24 /* JSQMessagesBubbleImageFactory.m in Sources */,
				83F1F29B1E7B9B7900009A24 /* JSQMessagesCollectionViewFlowLayoutInvalidationContext.m in Sources */,
				83F1F28B1E7B9B7900009A24 /* NSString+JSQMessages.m in Sources */,
				83F1F2A81E7B9B7900009A24 /* JSQMessagesCollectionViewCellIncoming.m in Sources */,
				834940551E822B5700D31D94 /* UIImage+GIF.m in Sources */,
				834940571E822B5700D31D94 /* UIImageView+HighlightedWebCache.m in Sources */,
				83A125E01E7A3FAA00D1A465 /* PCPuppet.m in Sources */,
				83F1F28C1E7B9B7900009A24 /* UIColor+JSQMessages.m in Sources */,
				83F1F2A41E7B9B7900009A24 /* JSQVideoMediaItem.m in Sources */,
				83F1F29E1E7B9B7900009A24 /* JSQLocationMediaItem.m in Sources */,
				83F1F2971E7B9B7900009A24 /* JSQMessagesToolbarButtonFactory.m in Sources */,
				83F1F28E1E7B9B7900009A24 /* UIImage+JSQMessages.m in Sources */,
				83F1F2951E7B9B7900009A24 /* JSQMessagesMediaViewBubbleImageMasker.m in Sources */,
				83F1F29D1E7B9B7900009A24 /* JSQAudioMediaItem.m in Sources */,
			);
			runOnlyForDeploymentPostprocessing = 0;
		};
		83A125BA1E78EA3E00D1A465 /* Sources */ = {
			isa = PBXSourcesBuildPhase;
			buildActionMask = 2147483647;
			files = (
				83A125C31E78EA3E00D1A465 /* PuppetChatTests.m in Sources */,
			);
			runOnlyForDeploymentPostprocessing = 0;
		};
/* End PBXSourcesBuildPhase section */

/* Begin PBXTargetDependency section */
		83A125C01E78EA3E00D1A465 /* PBXTargetDependency */ = {
			isa = PBXTargetDependency;
			target = 83A125A41E78EA3E00D1A465 /* PuppetChat */;
			targetProxy = 83A125BF1E78EA3E00D1A465 /* PBXContainerItemProxy */;
		};
/* End PBXTargetDependency section */

/* Begin PBXVariantGroup section */
		83A125B11E78EA3E00D1A465 /* Main.storyboard */ = {
			isa = PBXVariantGroup;
			children = (
				83A125B21E78EA3E00D1A465 /* Base */,
			);
			name = Main.storyboard;
			sourceTree = "<group>";
		};
		83A125B61E78EA3E00D1A465 /* LaunchScreen.storyboard */ = {
			isa = PBXVariantGroup;
			children = (
				83A125B71E78EA3E00D1A465 /* Base */,
			);
			name = LaunchScreen.storyboard;
			sourceTree = "<group>";
		};
/* End PBXVariantGroup section */

/* Begin XCBuildConfiguration section */
		83A125C51E78EA3E00D1A465 /* Debug */ = {
			isa = XCBuildConfiguration;
			buildSettings = {
				ALWAYS_SEARCH_USER_PATHS = NO;
				CLANG_ANALYZER_NONNULL = YES;
				CLANG_CXX_LANGUAGE_STANDARD = "gnu++0x";
				CLANG_CXX_LIBRARY = "libc++";
				CLANG_ENABLE_MODULES = YES;
				CLANG_ENABLE_OBJC_ARC = YES;
				CLANG_WARN_BOOL_CONVERSION = YES;
				CLANG_WARN_CONSTANT_CONVERSION = YES;
				CLANG_WARN_DIRECT_OBJC_ISA_USAGE = YES_ERROR;
				CLANG_WARN_DOCUMENTATION_COMMENTS = YES;
				CLANG_WARN_EMPTY_BODY = YES;
				CLANG_WARN_ENUM_CONVERSION = YES;
				CLANG_WARN_INFINITE_RECURSION = YES;
				CLANG_WARN_INT_CONVERSION = YES;
				CLANG_WARN_OBJC_ROOT_CLASS = YES_ERROR;
				CLANG_WARN_SUSPICIOUS_MOVE = YES;
				CLANG_WARN_SUSPICIOUS_MOVES = YES;
				CLANG_WARN_UNREACHABLE_CODE = YES;
				CLANG_WARN__DUPLICATE_METHOD_MATCH = YES;
				"CODE_SIGN_IDENTITY[sdk=iphoneos*]" = "iPhone Developer";
				COPY_PHASE_STRIP = NO;
				DEBUG_INFORMATION_FORMAT = dwarf;
				ENABLE_STRICT_OBJC_MSGSEND = YES;
				ENABLE_TESTABILITY = YES;
				GCC_C_LANGUAGE_STANDARD = gnu99;
				GCC_DYNAMIC_NO_PIC = NO;
				GCC_NO_COMMON_BLOCKS = YES;
				GCC_OPTIMIZATION_LEVEL = 0;
				GCC_PREPROCESSOR_DEFINITIONS = (
					"DEBUG=1",
					"$(inherited)",
				);
				GCC_WARN_64_TO_32_BIT_CONVERSION = YES;
				GCC_WARN_ABOUT_RETURN_TYPE = YES_ERROR;
				GCC_WARN_UNDECLARED_SELECTOR = YES;
				GCC_WARN_UNINITIALIZED_AUTOS = YES_AGGRESSIVE;
				GCC_WARN_UNUSED_FUNCTION = YES;
				GCC_WARN_UNUSED_VARIABLE = YES;
				IPHONEOS_DEPLOYMENT_TARGET = 10.1;
				MTL_ENABLE_DEBUG_INFO = YES;
				ONLY_ACTIVE_ARCH = YES;
				SDKROOT = iphoneos;
				TARGETED_DEVICE_FAMILY = "1,2";
			};
			name = Debug;
		};
		83A125C61E78EA3E00D1A465 /* Release */ = {
			isa = XCBuildConfiguration;
			buildSettings = {
				ALWAYS_SEARCH_USER_PATHS = NO;
				CLANG_ANALYZER_NONNULL = YES;
				CLANG_CXX_LANGUAGE_STANDARD = "gnu++0x";
				CLANG_CXX_LIBRARY = "libc++";
				CLANG_ENABLE_MODULES = YES;
				CLANG_ENABLE_OBJC_ARC = YES;
				CLANG_WARN_BOOL_CONVERSION = YES;
				CLANG_WARN_CONSTANT_CONVERSION = YES;
				CLANG_WARN_DIRECT_OBJC_ISA_USAGE = YES_ERROR;
				CLANG_WARN_DOCUMENTATION_COMMENTS = YES;
				CLANG_WARN_EMPTY_BODY = YES;
				CLANG_WARN_ENUM_CONVERSION = YES;
				CLANG_WARN_INFINITE_RECURSION = YES;
				CLANG_WARN_INT_CONVERSION = YES;
				CLANG_WARN_OBJC_ROOT_CLASS = YES_ERROR;
				CLANG_WARN_SUSPICIOUS_MOVE = YES;
				CLANG_WARN_SUSPICIOUS_MOVES = YES;
				CLANG_WARN_UNREACHABLE_CODE = YES;
				CLANG_WARN__DUPLICATE_METHOD_MATCH = YES;
				"CODE_SIGN_IDENTITY[sdk=iphoneos*]" = "iPhone Developer";
				COPY_PHASE_STRIP = NO;
				DEBUG_INFORMATION_FORMAT = "dwarf-with-dsym";
				ENABLE_NS_ASSERTIONS = NO;
				ENABLE_STRICT_OBJC_MSGSEND = YES;
				GCC_C_LANGUAGE_STANDARD = gnu99;
				GCC_NO_COMMON_BLOCKS = YES;
				GCC_WARN_64_TO_32_BIT_CONVERSION = YES;
				GCC_WARN_ABOUT_RETURN_TYPE = YES_ERROR;
				GCC_WARN_UNDECLARED_SELECTOR = YES;
				GCC_WARN_UNINITIALIZED_AUTOS = YES_AGGRESSIVE;
				GCC_WARN_UNUSED_FUNCTION = YES;
				GCC_WARN_UNUSED_VARIABLE = YES;
				IPHONEOS_DEPLOYMENT_TARGET = 10.1;
				MTL_ENABLE_DEBUG_INFO = NO;
				SDKROOT = iphoneos;
				TARGETED_DEVICE_FAMILY = "1,2";
				VALIDATE_PRODUCT = YES;
			};
			name = Release;
		};
		83A125C81E78EA3E00D1A465 /* Debug */ = {
			isa = XCBuildConfiguration;
			buildSettings = {
				ASSETCATALOG_COMPILER_APPICON_NAME = AppIcon;
				DEVELOPMENT_TEAM = Y6X8P44TM5;
				FRAMEWORK_SEARCH_PATHS = (
					"$(inherited)",
					"$(PROJECT_DIR)/Frameworks",
				);
				INFOPLIST_FILE = PuppetChat/Info.plist;
				LD_RUNPATH_SEARCH_PATHS = "$(inherited) @executable_path/Frameworks";
				OTHER_LDFLAGS = "-ObjC";
				PRODUCT_BUNDLE_IDENTIFIER = cn.leancloud.PuppetChat;
				PRODUCT_NAME = "$(TARGET_NAME)";
			};
			name = Debug;
		};
		83A125C91E78EA3E00D1A465 /* Release */ = {
			isa = XCBuildConfiguration;
			buildSettings = {
				ASSETCATALOG_COMPILER_APPICON_NAME = AppIcon;
				DEVELOPMENT_TEAM = Y6X8P44TM5;
				FRAMEWORK_SEARCH_PATHS = (
					"$(inherited)",
					"$(PROJECT_DIR)/Frameworks",
				);
				INFOPLIST_FILE = PuppetChat/Info.plist;
				LD_RUNPATH_SEARCH_PATHS = "$(inherited) @executable_path/Frameworks";
				OTHER_LDFLAGS = "-ObjC";
				PRODUCT_BUNDLE_IDENTIFIER = cn.leancloud.PuppetChat;
				PRODUCT_NAME = "$(TARGET_NAME)";
			};
			name = Release;
		};
		83A125CB1E78EA3E00D1A465 /* Debug */ = {
			isa = XCBuildConfiguration;
			buildSettings = {
				BUNDLE_LOADER = "$(TEST_HOST)";
				DEVELOPMENT_TEAM = Y6X8P44TM5;
				INFOPLIST_FILE = PuppetChatTests/Info.plist;
				LD_RUNPATH_SEARCH_PATHS = "$(inherited) @executable_path/Frameworks @loader_path/Frameworks";
				PRODUCT_BUNDLE_IDENTIFIER = cn.leancloud.PuppetChatTests;
				PRODUCT_NAME = "$(TARGET_NAME)";
				TEST_HOST = "$(BUILT_PRODUCTS_DIR)/PuppetChat.app/PuppetChat";
			};
			name = Debug;
		};
		83A125CC1E78EA3E00D1A465 /* Release */ = {
			isa = XCBuildConfiguration;
			buildSettings = {
				BUNDLE_LOADER = "$(TEST_HOST)";
				DEVELOPMENT_TEAM = Y6X8P44TM5;
				INFOPLIST_FILE = PuppetChatTests/Info.plist;
				LD_RUNPATH_SEARCH_PATHS = "$(inherited) @executable_path/Frameworks @loader_path/Frameworks";
				PRODUCT_BUNDLE_IDENTIFIER = cn.leancloud.PuppetChatTests;
				PRODUCT_NAME = "$(TARGET_NAME)";
				TEST_HOST = "$(BUILT_PRODUCTS_DIR)/PuppetChat.app/PuppetChat";
			};
			name = Release;
		};
/* End XCBuildConfiguration section */

/* Begin XCConfigurationList section */
		83A125A01E78EA3E00D1A465 /* Build configuration list for PBXProject "PuppetChat" */ = {
			isa = XCConfigurationList;
			buildConfigurations = (
				83A125C51E78EA3E00D1A465 /* Debug */,
				83A125C61E78EA3E00D1A465 /* Release */,
			);
			defaultConfigurationIsVisible = 0;
			defaultConfigurationName = Release;
		};
		83A125C71E78EA3E00D1A465 /* Build configuration list for PBXNativeTarget "PuppetChat" */ = {
			isa = XCConfigurationList;
			buildConfigurations = (
				83A125C81E78EA3E00D1A465 /* Debug */,
				83A125C91E78EA3E00D1A465 /* Release */,
			);
			defaultConfigurationIsVisible = 0;
			defaultConfigurationName = Release;
		};
		83A125CA1E78EA3E00D1A465 /* Build configuration list for PBXNativeTarget "PuppetChatTests" */ = {
			isa = XCConfigurationList;
			buildConfigurations = (
				83A125CB1E78EA3E00D1A465 /* Debug */,
				83A125CC1E78EA3E00D1A465 /* Release */,
			);
			defaultConfigurationIsVisible = 0;
			defaultConfigurationName = Release;
		};
/* End XCConfigurationList section */

/* Begin XCVersionGroup section */
		838761021E82B5E900C4F1D7 /* PCPuppetDataModel.xcdatamodeld */ = {
			isa = XCVersionGroup;
			children = (
				838761031E82B5E900C4F1D7 /* PCPuppetDataModel.xcdatamodel */,
			);
			currentVersion = 838761031E82B5E900C4F1D7 /* PCPuppetDataModel.xcdatamodel */;
			path = PCPuppetDataModel.xcdatamodeld;
			sourceTree = "<group>";
			versionGroupType = wrapper.xcdatamodel;
		};
/* End XCVersionGroup section */
	};
	rootObject = 83A1259D1E78EA3E00D1A465 /* Project object */;
}
